{
  "pins" : [
    {
      "identity" : "resizablesheet",
      "kind" : "remoteSourceControl",
      "location" : "https://github.com/mtj0928/ResizableSheet",
      "state" : {
        "revision" : "ed14f53be91c5477486b20138abfaf0c2cdd7ee1",
        "version" : "0.0.4"
      }
    }
  ],
  "version" : 2
}
