// !$*UTF8*$!
{
	archiveVersion = 1;
	classes = {
	};
	objectVersion = 51;
	objects = {

/* Begin PBXBuildFile section */
		059C0DD9FC0F9145C44D40CE /* DescriptionEditScreen.swift in Sources */ = {isa = PBXBuildFile; fileRef = 8C6A2C6B97DD821D3ABBD254 /* DescriptionEditScreen.swift */; };
		07AAAC7EE213D6651DC9806A /* Controller+Footer.swift in Sources */ = {isa = PBXBuildFile; fileRef = 42F6904CF592373B5BAE2FAF /* Controller+Footer.swift */; };
		08E27A55F445A9F5AD0846BB /* APIError.swift in Sources */ = {isa = PBXBuildFile; fileRef = D50BE20C5D9BA0B5C41970ED /* APIError.swift */; };
		0A61B8D986D2431C7296DC6F /* Roboto-Medium.ttf in Resources */ = {isa = PBXBuildFile; fileRef = 881E6C664D8CCD8F43AECA70 /* Roboto-Medium.ttf */; };
		137C998A8FBBC0596ABF8411 /* TransactionInputScreen.swift in Sources */ = {isa = PBXBuildFile; fileRef = B15109F52BBF51FD7268191C /* TransactionInputScreen.swift */; };
		158B8DBE7F9BA444554DB0FF /* View+onButtonTap.swift in Sources */ = {isa = PBXBuildFile; fileRef = 2DD754B4F68158DA11CC5A43 /* View+onButtonTap.swift */; };
		18DB92C2BBAA6E765F51723C /* Success_Regist_Transaction.json in Resources */ = {isa = PBXBuildFile; fileRef = 1889DDFB4FD2F1671C5EC68D /* Success_Regist_Transaction.json */; };
		1C6E4E9A0D4C7AA5F2C02D10 /* HTTPMethodEnum.swift in Sources */ = {isa = PBXBuildFile; fileRef = 7191306DAFF7A11FFB66302E /* HTTPMethodEnum.swift */; };
		1DB1CEBABB60D3E0AE2B4F31 /* APIAgent.swift in Sources */ = {isa = PBXBuildFile; fileRef = 994A4D5D1928CDA755259ECD /* APIAgent.swift */; };
		24995CD5D87C3CC8ED73210E /* Roboto-Regular.ttf in Resources */ = {isa = PBXBuildFile; fileRef = E8A63467C6C8E86A6AAB0D46 /* Roboto-Regular.ttf */; };
		2D19EC7D0B595B791A073DC8 /* SettingScreen.swift in Sources */ = {isa = PBXBuildFile; fileRef = 0FFDDB1C975CD4E209523A96 /* SettingScreen.swift */; };
		2FBB928869B56A4B5CD0A843 /* Loadable.swift in Sources */ = {isa = PBXBuildFile; fileRef = B34B2C41218E328435EBD956 /* Loadable.swift */; };
		36089CCACBB13064A134AB11 /* Token.swift in Sources */ = {isa = PBXBuildFile; fileRef = BBDEE2BAE7CE87F9EE1C1E36 /* Token.swift */; };
		37E436BCBDBAFC4068F66C51 /* BottomSheet.swift in Sources */ = {isa = PBXBuildFile; fileRef = 6A71179EEE2068066E176194 /* BottomSheet.swift */; };
		38DE5850E217C1291ADF9C55 /* Controller+BottomMenu.swift in Sources */ = {isa = PBXBuildFile; fileRef = 4E3265673726FACB04EDF677 /* Controller+BottomMenu.swift */; };
		3925B1A627128A632CB0A368 /* TransactionsListScreen.swift in Sources */ = {isa = PBXBuildFile; fileRef = 08DD199B8E95AB5EA3570F70 /* TransactionsListScreen.swift */; };
		41C9990941BF7731441504BB /* LICENSE.txt in Resources */ = {isa = PBXBuildFile; fileRef = 9AA6963951E4E7F8E74877C2 /* LICENSE.txt */; };
		4309E1DA50401DEE05DE6995 /* ReceiptScreen.swift in Sources */ = {isa = PBXBuildFile; fileRef = 3C6E4416F601ACC812AAA643 /* ReceiptScreen.swift */; };
		4695A47B1DF3A73D1F852A8C /* Controller+RegistButton.swift in Sources */ = {isa = PBXBuildFile; fileRef = 9136491758713DE3FE21D8C4 /* Controller+RegistButton.swift */; };
		480BC5F4EC5CF5C941AA2A5D /* Roboto-Light.ttf in Resources */ = {isa = PBXBuildFile; fileRef = F37EFB3B37C0A5DD9DC374E7 /* Roboto-Light.ttf */; };
		4D3970D5F242B413053307A5 /* ThirdScreen.swift in Sources */ = {isa = PBXBuildFile; fileRef = 6653E4BAB50F3EAB15C25D30 /* ThirdScreen.swift */; };
		4E78C697720B44E7A7E536D5 /* PullDown.swift in Sources */ = {isa = PBXBuildFile; fileRef = 553DB004AE5F6403D88F1DF6 /* PullDown.swift */; };
		4E7BEDF50201F91997FD15FD /* TransactionsListScreen+ViewModel.swift in Sources */ = {isa = PBXBuildFile; fileRef = 2B41BBBC6CCD5798902B7E37 /* TransactionsListScreen+ViewModel.swift */; };
		53085DC4E033194A4C0AE543 /* Success_Fetch_Descriptions.json in Resources */ = {isa = PBXBuildFile; fileRef = 4DC8CEBDD95A7964BCA5CA27 /* Success_Fetch_Descriptions.json */; };
		53738CB0BABA48CB6C5A728A /* SecondScreen.swift in Sources */ = {isa = PBXBuildFile; fileRef = 776399BF8852C5E8F6A501C0 /* SecondScreen.swift */; };
		5405F884F50BF864EAD216FB /* FirstScreen+Account.swift in Sources */ = {isa = PBXBuildFile; fileRef = D7B83C6A93BCC4F1C84E7ED2 /* FirstScreen+Account.swift */; };
		544C1A270FCD077108385250 /* View+backgroundCircle.swift in Sources */ = {isa = PBXBuildFile; fileRef = F9524009A15BDD16FD4C84E8 /* View+backgroundCircle.swift */; };
		56B03A4697047823D3639ADF /* Success_Fetch_Transactions.json in Resources */ = {isa = PBXBuildFile; fileRef = 61102175B92581A9C77D72AD /* Success_Fetch_Transactions.json */; };
		56B3414FAD2279295CB6929A /* Toast.swift in Sources */ = {isa = PBXBuildFile; fileRef = 93BD0FA58D2DBC8DC1C18E2D /* Toast.swift */; };
		5D22633DC761D10A900734FE /* APIAgentProtocol.swift in Sources */ = {isa = PBXBuildFile; fileRef = B4B17648BDB5E01E0F0472DD /* APIAgentProtocol.swift */; };
		5FE324A78654AED5429C6054 /* URLRequest+Ext.swift in Sources */ = {isa = PBXBuildFile; fileRef = 94D130BE365F58C8948D9EF3 /* URLRequest+Ext.swift */; };
		6009DD6F720EA86E8FD95119 /* EndPoint.swift in Sources */ = {isa = PBXBuildFile; fileRef = A5118B390A6DDF80FCFC7332 /* EndPoint.swift */; };
		61FA2FE2A92D46E69FF5FC0E /* ResponseResultError.swift in Sources */ = {isa = PBXBuildFile; fileRef = 730D467096D6393E8D05A508 /* ResponseResultError.swift */; };
		62815B3C908CDDC116F805F0 /* TransactionsDetailScreen.swift in Sources */ = {isa = PBXBuildFile; fileRef = CF69D23E5BF26ED4B2A163E1 /* TransactionsDetailScreen.swift */; };
		63CD1A38AD88236B3E9EC147 /* BottomSheetList.swift in Sources */ = {isa = PBXBuildFile; fileRef = 3C2B82ECDA731F27CB0A8188 /* BottomSheetList.swift */; };
		63FE2063E555DF0C0B1688D9 /* Mockable.swift in Sources */ = {isa = PBXBuildFile; fileRef = 3E78E03261C494398690D3E5 /* Mockable.swift */; };
		658C0FB16E0C335E4712827C /* JsonEncodeSnakeCase.swift in Sources */ = {isa = PBXBuildFile; fileRef = 581BC1B19D8228CBE2DCB65D /* JsonEncodeSnakeCase.swift */; };
		670FAFB5256C4CD37F741056 /* Text+Font.swift in Sources */ = {isa = PBXBuildFile; fileRef = B85F752C6DBAF3D831D8EBBA /* Text+Font.swift */; };
		67AFEE1610F569B76D68759B /* ResizableSheet in Frameworks */ = {isa = PBXBuildFile; productRef = 104385DFD563355561CF4AFE /* ResizableSheet */; };
		67E932220EFDEEA3AAA16614 /* AgentFactory.swift in Sources */ = {isa = PBXBuildFile; fileRef = 3A19A76342768F941ED75F59 /* AgentFactory.swift */; };
		6CF19E37058FC84567DB2FD3 /* NotoSansJP-Medium.otf in Resources */ = {isa = PBXBuildFile; fileRef = 2BCBBD124F9AF63B0953F45E /* NotoSansJP-Medium.otf */; };
		6EC40CE4D69CA19905CD1B0C /* View+NavigationView.swift in Sources */ = {isa = PBXBuildFile; fileRef = D7A88F91E1A3675B6C6231D5 /* View+NavigationView.swift */; };
		70733C479E882E7A10A5151A /* DIContainer.swift in Sources */ = {isa = PBXBuildFile; fileRef = 60AEB05FEFCCB0183B5A27B3 /* DIContainer.swift */; };
		70AC0B143A72EE6DB74B6289 /* Description.swift in Sources */ = {isa = PBXBuildFile; fileRef = 1334C7D8971C65624CC39C89 /* Description.swift */; };
		76595F31842C734AF1061003 /* ScreenMovable.swift in Sources */ = {isa = PBXBuildFile; fileRef = 49885AE4AD1C8BA5528998E3 /* ScreenMovable.swift */; };
		852DAA063D1C23F71749DE2B /* Transaction.swift in Sources */ = {isa = PBXBuildFile; fileRef = 0DE2942E80FF9B05D88BF52F /* Transaction.swift */; };
		8745206959C8030C45CB4647 /* OFL.txt in Resources */ = {isa = PBXBuildFile; fileRef = 7DFFC9F3E577208C0AEA2315 /* OFL.txt */; };
		8839686E9DAF44E62A0CA8E0 /* RequestParameter.swift in Sources */ = {isa = PBXBuildFile; fileRef = 51511D2507638A4FB1D177F0 /* RequestParameter.swift */; };
		89E107A82C62207894538B9F /* Assets.xcassets in Resources */ = {isa = PBXBuildFile; fileRef = 04634A86F41DB18647E4A565 /* Assets.xcassets */; };
		89EFD65431E9DF5A0F95F7C3 /* README.md in Resources */ = {isa = PBXBuildFile; fileRef = 8EF1803C93B30B9EAB643C58 /* README.md */; };
		913795D88F33C94408878626 /* FirstScreen+spending.swift in Sources */ = {isa = PBXBuildFile; fileRef = 4FDC3D3BF73D073C662102C9 /* FirstScreen+spending.swift */; };
		91DB6CCDE20BB7A239C080EE /* TransactionsDetailScreen+ViewModel.swift in Sources */ = {isa = PBXBuildFile; fileRef = 8869403E009933C5A85FD6DE /* TransactionsDetailScreen+ViewModel.swift */; };
		9574EF4DAC566987EDBADC75 /* TapSimpleButtonApp.swift in Sources */ = {isa = PBXBuildFile; fileRef = B607B26E58AF7167DF7E1B1B /* TapSimpleButtonApp.swift */; };
		9977C43F387BF575CD9B116D /* Roboto-Bold.ttf in Resources */ = {isa = PBXBuildFile; fileRef = 244EEF7FE80109F25E98BCD4 /* Roboto-Bold.ttf */; };
		9AA01396009463254AC2C0E4 /* SupplierEditScreen.swift in Sources */ = {isa = PBXBuildFile; fileRef = 156C40644A096F752FBF0898 /* SupplierEditScreen.swift */; };
		9F63B26BC6D9B62BBD869928 /* HelpScreen.swift in Sources */ = {isa = PBXBuildFile; fileRef = DFC16251B6728F200D127E33 /* HelpScreen.swift */; };
		ABA87DFB727CC7EA98DDE26B /* TransactionsListScreen+Sort.swift in Sources */ = {isa = PBXBuildFile; fileRef = BF1C97F0AC8B469D5BC4416D /* TransactionsListScreen+Sort.swift */; };
		AC1EC2DE001DEBBA4DBA4607 /* Router.swift in Sources */ = {isa = PBXBuildFile; fileRef = 6356E0D542B3F661BE4CC76B /* Router.swift */; };
		ADECE95B23B4FB1D900EB64C /* StatusCode.swift in Sources */ = {isa = PBXBuildFile; fileRef = 2793D201BCAB0B8B2A12339F /* StatusCode.swift */; };
		AEAAF4E75E07774D69BEE349 /* Controller+ViewModel.swift in Sources */ = {isa = PBXBuildFile; fileRef = D126A52AE32D765159AE2278 /* Controller+ViewModel.swift */; };
		AFD7F43E11DDA833F6A9CF88 /* Controller+Navi.swift in Sources */ = {isa = PBXBuildFile; fileRef = 63BB3B1FBA95350C6D4E5DB0 /* Controller+Navi.swift */; };
		B781987F6E20D3700AC492D4 /* Success_Fetch_Suppliers.json in Resources */ = {isa = PBXBuildFile; fileRef = 34CC0E68E96E041B0453EE53 /* Success_Fetch_Suppliers.json */; };
		BDCF335D26C2813A4403A278 /* ScreenType.swift in Sources */ = {isa = PBXBuildFile; fileRef = 0CC050C6EAA65C9B8E404889 /* ScreenType.swift */; };
		C13C1B2BFBDAA3FB488FECD0 /* DescriptionsAPI.swift in Sources */ = {isa = PBXBuildFile; fileRef = 8572103E445837BC6B871D07 /* DescriptionsAPI.swift */; };
		C208D1891435B4F90C3A7E76 /* Controller+NextButton.swift in Sources */ = {isa = PBXBuildFile; fileRef = 199B001F12CBAE937CC4ED98 /* Controller+NextButton.swift */; };
		C725E8AB9E4E2ADB27A498E0 /* AppState.swift in Sources */ = {isa = PBXBuildFile; fileRef = DF26F1A8FD57F37E51C5A0ED /* AppState.swift */; };
		C92090EEB6196F6413EAB919 /* Controller+nextOrRegistButton.swift in Sources */ = {isa = PBXBuildFile; fileRef = AFB8B713BDBAA0459B922583 /* Controller+nextOrRegistButton.swift */; };
		CA9E59C3E7E940192B273EEC /* BottomMenuType.swift in Sources */ = {isa = PBXBuildFile; fileRef = D18380454AB15DE43A779225 /* BottomMenuType.swift */; };
		CAAA9F2204335A8338E6E299 /* NotoSansJP-Bold.otf in Resources */ = {isa = PBXBuildFile; fileRef = 9EBEA3D60741FB8A1BAF81ED /* NotoSansJP-Bold.otf */; };
		CAD867B26422757F8EFA79E7 /* CircleButtonModifier.swift in Sources */ = {isa = PBXBuildFile; fileRef = A6A3F14A662C18EF932CDC13 /* CircleButtonModifier.swift */; };
		D19E178DC29757072BD70FC2 /* Preview Assets.xcassets in Resources */ = {isa = PBXBuildFile; fileRef = 1DEA0FCB9BEF68F9C6967C23 /* Preview Assets.xcassets */; };
		D3683F9CB36AB52386EA5A9C /* SlideAnimation.swift in Sources */ = {isa = PBXBuildFile; fileRef = BA2AA6D3492D6BF936F4258D /* SlideAnimation.swift */; };
		D533B0046E7649C0F4ED56E4 /* View+setTransAnimation.swift in Sources */ = {isa = PBXBuildFile; fileRef = A1599F27EDCB82BAF3B061F6 /* View+setTransAnimation.swift */; };
		DA0ED98530BA8EB36251F0D2 /* KeyPadButton.swift in Sources */ = {isa = PBXBuildFile; fileRef = 3F79BE5632791D726AE5AFA4 /* KeyPadButton.swift */; };
		DB948643570142642565BBB8 /* Header.swift in Sources */ = {isa = PBXBuildFile; fileRef = C82B38962E1D5B36FF1C4292 /* Header.swift */; };
		DB97B98EA8ACF83DBABB5F79 /* NumberPad.swift in Sources */ = {isa = PBXBuildFile; fileRef = F14F9E6E9585BF92FFFAC9B2 /* NumberPad.swift */; };
		DC057E19A04638F369E2D2B3 /* AppEnvironment.swift in Sources */ = {isa = PBXBuildFile; fileRef = 4EB290DB1746B5C4E3D7D644 /* AppEnvironment.swift */; };
		E025E8AD359BBAD0E5897C2E /* SuppliersAPI.swift in Sources */ = {isa = PBXBuildFile; fileRef = 5ECA08159878CFDBAB5E3664 /* SuppliersAPI.swift */; };
		E66463D787747AEB53FB0F54 /* Suppliers.swift in Sources */ = {isa = PBXBuildFile; fileRef = C9B7C2727033C1E9661D9D08 /* Suppliers.swift */; };
		EDAE827E56909F072A1FA4F3 /* View+ResizableSheet.swift in Sources */ = {isa = PBXBuildFile; fileRef = 3784D1D7641C9362A9933F50 /* View+ResizableSheet.swift */; };
		EE976E7B8E855F280EA90671 /* Configuration.swift in Sources */ = {isa = PBXBuildFile; fileRef = FAA5AE5A4C74113D53731E13 /* Configuration.swift */; };
		EEAFDD3862BE94FA19CCB319 /* Color+rgb.swift in Sources */ = {isa = PBXBuildFile; fileRef = B96A1A2238B420F28DE3E213 /* Color+rgb.swift */; };
		F1C328C9C9D086B7C73A928B /* ApiEndPoint.swift in Sources */ = {isa = PBXBuildFile; fileRef = EBA71621F01933B5F516B0E4 /* ApiEndPoint.swift */; };
		F7E277675457C3848B8A5EE0 /* FirstScreen+income.swift in Sources */ = {isa = PBXBuildFile; fileRef = 83274E5647A0CB417CA9263D /* FirstScreen+income.swift */; };
		F934EF0604C10FEAEF23FD13 /* Controller.swift in Sources */ = {isa = PBXBuildFile; fileRef = 5F6544BDBC0F8C9096CF5790 /* Controller.swift */; };
		FAF15D989A0BF2F5BFF7CE01 /* Controller+Header.swift in Sources */ = {isa = PBXBuildFile; fileRef = 24A0125AF5308D16D3629E40 /* Controller+Header.swift */; };
		FB799718123475778859CA14 /* FirstScreen.swift in Sources */ = {isa = PBXBuildFile; fileRef = 25CA6A14B1623AC1601D75DF /* FirstScreen.swift */; };
		FC59ABA7A146350D26C81F52 /* Controller+BackButton.swift in Sources */ = {isa = PBXBuildFile; fileRef = 8D28ADE8CDB6B78E4FE409C6 /* Controller+BackButton.swift */; };
		FD2F0FFA1AE57A0837A25B8E /* TransactionsAPI.swift in Sources */ = {isa = PBXBuildFile; fileRef = 3D40BE213878D71B453356A2 /* TransactionsAPI.swift */; };
/* End PBXBuildFile section */

/* Begin PBXContainerItemProxy section */
		29411735CA493EB420BBD541 /* PBXContainerItemProxy */ = {
			isa = PBXContainerItemProxy;
			containerPortal = C46AE6208C4DBE52027FA54B /* Project object */;
			proxyType = 1;
			remoteGlobalIDString = B0986AB63830ADE3A628B091;
			remoteInfo = PortfolioSwiftUI;
		};
/* End PBXContainerItemProxy section */

/* Begin PBXFileReference section */
		04634A86F41DB18647E4A565 /* Assets.xcassets */ = {isa = PBXFileReference; lastKnownFileType = folder.assetcatalog; path = Assets.xcassets; sourceTree = "<group>"; };
		08DD199B8E95AB5EA3570F70 /* TransactionsListScreen.swift */ = {isa = PBXFileReference; lastKnownFileType = sourcecode.swift; path = TransactionsListScreen.swift; sourceTree = "<group>"; };
		0CC050C6EAA65C9B8E404889 /* ScreenType.swift */ = {isa = PBXFileReference; lastKnownFileType = sourcecode.swift; path = ScreenType.swift; sourceTree = "<group>"; };
		0DE2942E80FF9B05D88BF52F /* Transaction.swift */ = {isa = PBXFileReference; lastKnownFileType = sourcecode.swift; path = Transaction.swift; sourceTree = "<group>"; };
		0FFDDB1C975CD4E209523A96 /* SettingScreen.swift */ = {isa = PBXFileReference; lastKnownFileType = sourcecode.swift; path = SettingScreen.swift; sourceTree = "<group>"; };
		1334C7D8971C65624CC39C89 /* Description.swift */ = {isa = PBXFileReference; lastKnownFileType = sourcecode.swift; path = Description.swift; sourceTree = "<group>"; };
		156C40644A096F752FBF0898 /* SupplierEditScreen.swift */ = {isa = PBXFileReference; lastKnownFileType = sourcecode.swift; path = SupplierEditScreen.swift; sourceTree = "<group>"; };
		1889DDFB4FD2F1671C5EC68D /* Success_Regist_Transaction.json */ = {isa = PBXFileReference; lastKnownFileType = text.json; path = Success_Regist_Transaction.json; sourceTree = "<group>"; };
		199B001F12CBAE937CC4ED98 /* Controller+NextButton.swift */ = {isa = PBXFileReference; lastKnownFileType = sourcecode.swift; path = "Controller+NextButton.swift"; sourceTree = "<group>"; };
		1DEA0FCB9BEF68F9C6967C23 /* Preview Assets.xcassets */ = {isa = PBXFileReference; lastKnownFileType = folder.assetcatalog; path = "Preview Assets.xcassets"; sourceTree = "<group>"; };
		244EEF7FE80109F25E98BCD4 /* Roboto-Bold.ttf */ = {isa = PBXFileReference; lastKnownFileType = file; path = "Roboto-Bold.ttf"; sourceTree = "<group>"; };
		24A0125AF5308D16D3629E40 /* Controller+Header.swift */ = {isa = PBXFileReference; lastKnownFileType = sourcecode.swift; path = "Controller+Header.swift"; sourceTree = "<group>"; };
		25CA6A14B1623AC1601D75DF /* FirstScreen.swift */ = {isa = PBXFileReference; lastKnownFileType = sourcecode.swift; path = FirstScreen.swift; sourceTree = "<group>"; };
		26A5DD1D261F704CA881B959 /* PortfolioSwiftUITests.xctest */ = {isa = PBXFileReference; includeInIndex = 0; lastKnownFileType = wrapper.cfbundle; path = PortfolioSwiftUITests.xctest; sourceTree = BUILT_PRODUCTS_DIR; };
		2793D201BCAB0B8B2A12339F /* StatusCode.swift */ = {isa = PBXFileReference; lastKnownFileType = sourcecode.swift; path = StatusCode.swift; sourceTree = "<group>"; };
		2B41BBBC6CCD5798902B7E37 /* TransactionsListScreen+ViewModel.swift */ = {isa = PBXFileReference; lastKnownFileType = sourcecode.swift; path = "TransactionsListScreen+ViewModel.swift"; sourceTree = "<group>"; };
		2BCBBD124F9AF63B0953F45E /* NotoSansJP-Medium.otf */ = {isa = PBXFileReference; path = "NotoSansJP-Medium.otf"; sourceTree = "<group>"; };
		2DD754B4F68158DA11CC5A43 /* View+onButtonTap.swift */ = {isa = PBXFileReference; lastKnownFileType = sourcecode.swift; path = "View+onButtonTap.swift"; sourceTree = "<group>"; };
		34CC0E68E96E041B0453EE53 /* Success_Fetch_Suppliers.json */ = {isa = PBXFileReference; lastKnownFileType = text.json; path = Success_Fetch_Suppliers.json; sourceTree = "<group>"; };
		3784D1D7641C9362A9933F50 /* View+ResizableSheet.swift */ = {isa = PBXFileReference; lastKnownFileType = sourcecode.swift; path = "View+ResizableSheet.swift"; sourceTree = "<group>"; };
		3A19A76342768F941ED75F59 /* AgentFactory.swift */ = {isa = PBXFileReference; lastKnownFileType = sourcecode.swift; path = AgentFactory.swift; sourceTree = "<group>"; };
		3C2B82ECDA731F27CB0A8188 /* BottomSheetList.swift */ = {isa = PBXFileReference; lastKnownFileType = sourcecode.swift; path = BottomSheetList.swift; sourceTree = "<group>"; };
		3C6E4416F601ACC812AAA643 /* ReceiptScreen.swift */ = {isa = PBXFileReference; lastKnownFileType = sourcecode.swift; path = ReceiptScreen.swift; sourceTree = "<group>"; };
		3D40BE213878D71B453356A2 /* TransactionsAPI.swift */ = {isa = PBXFileReference; lastKnownFileType = sourcecode.swift; path = TransactionsAPI.swift; sourceTree = "<group>"; };
		3E78E03261C494398690D3E5 /* Mockable.swift */ = {isa = PBXFileReference; lastKnownFileType = sourcecode.swift; path = Mockable.swift; sourceTree = "<group>"; };
		3F79BE5632791D726AE5AFA4 /* KeyPadButton.swift */ = {isa = PBXFileReference; lastKnownFileType = sourcecode.swift; path = KeyPadButton.swift; sourceTree = "<group>"; };
		42F6904CF592373B5BAE2FAF /* Controller+Footer.swift */ = {isa = PBXFileReference; lastKnownFileType = sourcecode.swift; path = "Controller+Footer.swift"; sourceTree = "<group>"; };
		49885AE4AD1C8BA5528998E3 /* ScreenMovable.swift */ = {isa = PBXFileReference; lastKnownFileType = sourcecode.swift; path = ScreenMovable.swift; sourceTree = "<group>"; };
		4DC8CEBDD95A7964BCA5CA27 /* Success_Fetch_Descriptions.json */ = {isa = PBXFileReference; lastKnownFileType = text.json; path = Success_Fetch_Descriptions.json; sourceTree = "<group>"; };
		4E3265673726FACB04EDF677 /* Controller+BottomMenu.swift */ = {isa = PBXFileReference; lastKnownFileType = sourcecode.swift; path = "Controller+BottomMenu.swift"; sourceTree = "<group>"; };
		4EB290DB1746B5C4E3D7D644 /* AppEnvironment.swift */ = {isa = PBXFileReference; lastKnownFileType = sourcecode.swift; path = AppEnvironment.swift; sourceTree = "<group>"; };
		4FDC3D3BF73D073C662102C9 /* FirstScreen+spending.swift */ = {isa = PBXFileReference; lastKnownFileType = sourcecode.swift; path = "FirstScreen+spending.swift"; sourceTree = "<group>"; };
		51511D2507638A4FB1D177F0 /* RequestParameter.swift */ = {isa = PBXFileReference; lastKnownFileType = sourcecode.swift; path = RequestParameter.swift; sourceTree = "<group>"; };
		5160909E3FD0262DC492088C /* Info.plist */ = {isa = PBXFileReference; lastKnownFileType = text.plist; path = Info.plist; sourceTree = "<group>"; };
		553DB004AE5F6403D88F1DF6 /* PullDown.swift */ = {isa = PBXFileReference; lastKnownFileType = sourcecode.swift; path = PullDown.swift; sourceTree = "<group>"; };
		581BC1B19D8228CBE2DCB65D /* JsonEncodeSnakeCase.swift */ = {isa = PBXFileReference; lastKnownFileType = sourcecode.swift; path = JsonEncodeSnakeCase.swift; sourceTree = "<group>"; };
		5ECA08159878CFDBAB5E3664 /* SuppliersAPI.swift */ = {isa = PBXFileReference; lastKnownFileType = sourcecode.swift; path = SuppliersAPI.swift; sourceTree = "<group>"; };
		5F6544BDBC0F8C9096CF5790 /* Controller.swift */ = {isa = PBXFileReference; lastKnownFileType = sourcecode.swift; path = Controller.swift; sourceTree = "<group>"; };
		60AEB05FEFCCB0183B5A27B3 /* DIContainer.swift */ = {isa = PBXFileReference; lastKnownFileType = sourcecode.swift; path = DIContainer.swift; sourceTree = "<group>"; };
		61102175B92581A9C77D72AD /* Success_Fetch_Transactions.json */ = {isa = PBXFileReference; lastKnownFileType = text.json; path = Success_Fetch_Transactions.json; sourceTree = "<group>"; };
		6356E0D542B3F661BE4CC76B /* Router.swift */ = {isa = PBXFileReference; lastKnownFileType = sourcecode.swift; path = Router.swift; sourceTree = "<group>"; };
		63BB3B1FBA95350C6D4E5DB0 /* Controller+Navi.swift */ = {isa = PBXFileReference; lastKnownFileType = sourcecode.swift; path = "Controller+Navi.swift"; sourceTree = "<group>"; };
		6653E4BAB50F3EAB15C25D30 /* ThirdScreen.swift */ = {isa = PBXFileReference; lastKnownFileType = sourcecode.swift; path = ThirdScreen.swift; sourceTree = "<group>"; };
		671DEDC3672452D36C7D166D /* PortfolioSwiftUIUITests.xctest */ = {isa = PBXFileReference; includeInIndex = 0; lastKnownFileType = wrapper.cfbundle; path = PortfolioSwiftUIUITests.xctest; sourceTree = BUILT_PRODUCTS_DIR; };
		6A71179EEE2068066E176194 /* BottomSheet.swift */ = {isa = PBXFileReference; lastKnownFileType = sourcecode.swift; path = BottomSheet.swift; sourceTree = "<group>"; };
		6B64878ADE761B6A1C7A7950 /* Info.plist */ = {isa = PBXFileReference; lastKnownFileType = text.plist; path = Info.plist; sourceTree = "<group>"; };
		7191306DAFF7A11FFB66302E /* HTTPMethodEnum.swift */ = {isa = PBXFileReference; lastKnownFileType = sourcecode.swift; path = HTTPMethodEnum.swift; sourceTree = "<group>"; };
		730D467096D6393E8D05A508 /* ResponseResultError.swift */ = {isa = PBXFileReference; lastKnownFileType = sourcecode.swift; path = ResponseResultError.swift; sourceTree = "<group>"; };
		766EDEF1617969AFB953E7BF /* PortfolioSwiftUI.app */ = {isa = PBXFileReference; includeInIndex = 0; lastKnownFileType = wrapper.application; path = PortfolioSwiftUI.app; sourceTree = BUILT_PRODUCTS_DIR; };
		776399BF8852C5E8F6A501C0 /* SecondScreen.swift */ = {isa = PBXFileReference; lastKnownFileType = sourcecode.swift; path = SecondScreen.swift; sourceTree = "<group>"; };
		7DFFC9F3E577208C0AEA2315 /* OFL.txt */ = {isa = PBXFileReference; lastKnownFileType = text; path = OFL.txt; sourceTree = "<group>"; };
		83274E5647A0CB417CA9263D /* FirstScreen+income.swift */ = {isa = PBXFileReference; lastKnownFileType = sourcecode.swift; path = "FirstScreen+income.swift"; sourceTree = "<group>"; };
		8572103E445837BC6B871D07 /* DescriptionsAPI.swift */ = {isa = PBXFileReference; lastKnownFileType = sourcecode.swift; path = DescriptionsAPI.swift; sourceTree = "<group>"; };
		881E6C664D8CCD8F43AECA70 /* Roboto-Medium.ttf */ = {isa = PBXFileReference; lastKnownFileType = file; path = "Roboto-Medium.ttf"; sourceTree = "<group>"; };
		8869403E009933C5A85FD6DE /* TransactionsDetailScreen+ViewModel.swift */ = {isa = PBXFileReference; lastKnownFileType = sourcecode.swift; path = "TransactionsDetailScreen+ViewModel.swift"; sourceTree = "<group>"; };
		8C6A2C6B97DD821D3ABBD254 /* DescriptionEditScreen.swift */ = {isa = PBXFileReference; lastKnownFileType = sourcecode.swift; path = DescriptionEditScreen.swift; sourceTree = "<group>"; };
		8D28ADE8CDB6B78E4FE409C6 /* Controller+BackButton.swift */ = {isa = PBXFileReference; lastKnownFileType = sourcecode.swift; path = "Controller+BackButton.swift"; sourceTree = "<group>"; };
		8EF1803C93B30B9EAB643C58 /* README.md */ = {isa = PBXFileReference; lastKnownFileType = net.daringfireball.markdown; path = README.md; sourceTree = "<group>"; };
		9136491758713DE3FE21D8C4 /* Controller+RegistButton.swift */ = {isa = PBXFileReference; lastKnownFileType = sourcecode.swift; path = "Controller+RegistButton.swift"; sourceTree = "<group>"; };
		93BD0FA58D2DBC8DC1C18E2D /* Toast.swift */ = {isa = PBXFileReference; lastKnownFileType = sourcecode.swift; path = Toast.swift; sourceTree = "<group>"; };
		94D130BE365F58C8948D9EF3 /* URLRequest+Ext.swift */ = {isa = PBXFileReference; lastKnownFileType = sourcecode.swift; path = "URLRequest+Ext.swift"; sourceTree = "<group>"; };
		994A4D5D1928CDA755259ECD /* APIAgent.swift */ = {isa = PBXFileReference; lastKnownFileType = sourcecode.swift; path = APIAgent.swift; sourceTree = "<group>"; };
		9AA6963951E4E7F8E74877C2 /* LICENSE.txt */ = {isa = PBXFileReference; lastKnownFileType = text; path = LICENSE.txt; sourceTree = "<group>"; };
		9EBEA3D60741FB8A1BAF81ED /* NotoSansJP-Bold.otf */ = {isa = PBXFileReference; path = "NotoSansJP-Bold.otf"; sourceTree = "<group>"; };
		A1599F27EDCB82BAF3B061F6 /* View+setTransAnimation.swift */ = {isa = PBXFileReference; lastKnownFileType = sourcecode.swift; path = "View+setTransAnimation.swift"; sourceTree = "<group>"; };
		A5118B390A6DDF80FCFC7332 /* EndPoint.swift */ = {isa = PBXFileReference; lastKnownFileType = sourcecode.swift; path = EndPoint.swift; sourceTree = "<group>"; };
		A6A3F14A662C18EF932CDC13 /* CircleButtonModifier.swift */ = {isa = PBXFileReference; lastKnownFileType = sourcecode.swift; path = CircleButtonModifier.swift; sourceTree = "<group>"; };
		AFB8B713BDBAA0459B922583 /* Controller+nextOrRegistButton.swift */ = {isa = PBXFileReference; lastKnownFileType = sourcecode.swift; path = "Controller+nextOrRegistButton.swift"; sourceTree = "<group>"; };
		B15109F52BBF51FD7268191C /* TransactionInputScreen.swift */ = {isa = PBXFileReference; lastKnownFileType = sourcecode.swift; path = TransactionInputScreen.swift; sourceTree = "<group>"; };
		B34B2C41218E328435EBD956 /* Loadable.swift */ = {isa = PBXFileReference; lastKnownFileType = sourcecode.swift; path = Loadable.swift; sourceTree = "<group>"; };
		B4B17648BDB5E01E0F0472DD /* APIAgentProtocol.swift */ = {isa = PBXFileReference; lastKnownFileType = sourcecode.swift; path = APIAgentProtocol.swift; sourceTree = "<group>"; };
		B607B26E58AF7167DF7E1B1B /* TapSimpleButtonApp.swift */ = {isa = PBXFileReference; lastKnownFileType = sourcecode.swift; path = TapSimpleButtonApp.swift; sourceTree = "<group>"; };
		B85F752C6DBAF3D831D8EBBA /* Text+Font.swift */ = {isa = PBXFileReference; lastKnownFileType = sourcecode.swift; path = "Text+Font.swift"; sourceTree = "<group>"; };
		B96A1A2238B420F28DE3E213 /* Color+rgb.swift */ = {isa = PBXFileReference; lastKnownFileType = sourcecode.swift; path = "Color+rgb.swift"; sourceTree = "<group>"; };
		BA2AA6D3492D6BF936F4258D /* SlideAnimation.swift */ = {isa = PBXFileReference; lastKnownFileType = sourcecode.swift; path = SlideAnimation.swift; sourceTree = "<group>"; };
		BBDEE2BAE7CE87F9EE1C1E36 /* Token.swift */ = {isa = PBXFileReference; lastKnownFileType = sourcecode.swift; path = Token.swift; sourceTree = "<group>"; };
		BCF3E5D4609DDFA3354084F6 /* Info.plist */ = {isa = PBXFileReference; lastKnownFileType = text.plist; path = Info.plist; sourceTree = "<group>"; };
		BF1C97F0AC8B469D5BC4416D /* TransactionsListScreen+Sort.swift */ = {isa = PBXFileReference; lastKnownFileType = sourcecode.swift; path = "TransactionsListScreen+Sort.swift"; sourceTree = "<group>"; };
		C82B38962E1D5B36FF1C4292 /* Header.swift */ = {isa = PBXFileReference; lastKnownFileType = sourcecode.swift; path = Header.swift; sourceTree = "<group>"; };
		C9B7C2727033C1E9661D9D08 /* Suppliers.swift */ = {isa = PBXFileReference; lastKnownFileType = sourcecode.swift; path = Suppliers.swift; sourceTree = "<group>"; };
		CF69D23E5BF26ED4B2A163E1 /* TransactionsDetailScreen.swift */ = {isa = PBXFileReference; lastKnownFileType = sourcecode.swift; path = TransactionsDetailScreen.swift; sourceTree = "<group>"; };
		D126A52AE32D765159AE2278 /* Controller+ViewModel.swift */ = {isa = PBXFileReference; lastKnownFileType = sourcecode.swift; path = "Controller+ViewModel.swift"; sourceTree = "<group>"; };
		D18380454AB15DE43A779225 /* BottomMenuType.swift */ = {isa = PBXFileReference; lastKnownFileType = sourcecode.swift; path = BottomMenuType.swift; sourceTree = "<group>"; };
		D50BE20C5D9BA0B5C41970ED /* APIError.swift */ = {isa = PBXFileReference; lastKnownFileType = sourcecode.swift; path = APIError.swift; sourceTree = "<group>"; };
		D7A88F91E1A3675B6C6231D5 /* View+NavigationView.swift */ = {isa = PBXFileReference; lastKnownFileType = sourcecode.swift; path = "View+NavigationView.swift"; sourceTree = "<group>"; };
		D7B83C6A93BCC4F1C84E7ED2 /* FirstScreen+Account.swift */ = {isa = PBXFileReference; lastKnownFileType = sourcecode.swift; path = "FirstScreen+Account.swift"; sourceTree = "<group>"; };
		DF26F1A8FD57F37E51C5A0ED /* AppState.swift */ = {isa = PBXFileReference; lastKnownFileType = sourcecode.swift; path = AppState.swift; sourceTree = "<group>"; };
		DFC16251B6728F200D127E33 /* HelpScreen.swift */ = {isa = PBXFileReference; lastKnownFileType = sourcecode.swift; path = HelpScreen.swift; sourceTree = "<group>"; };
		E8A63467C6C8E86A6AAB0D46 /* Roboto-Regular.ttf */ = {isa = PBXFileReference; lastKnownFileType = file; path = "Roboto-Regular.ttf"; sourceTree = "<group>"; };
		EBA71621F01933B5F516B0E4 /* ApiEndPoint.swift */ = {isa = PBXFileReference; lastKnownFileType = sourcecode.swift; path = ApiEndPoint.swift; sourceTree = "<group>"; };
		F14F9E6E9585BF92FFFAC9B2 /* NumberPad.swift */ = {isa = PBXFileReference; lastKnownFileType = sourcecode.swift; path = NumberPad.swift; sourceTree = "<group>"; };
		F37EFB3B37C0A5DD9DC374E7 /* Roboto-Light.ttf */ = {isa = PBXFileReference; lastKnownFileType = file; path = "Roboto-Light.ttf"; sourceTree = "<group>"; };
		F9524009A15BDD16FD4C84E8 /* View+backgroundCircle.swift */ = {isa = PBXFileReference; lastKnownFileType = sourcecode.swift; path = "View+backgroundCircle.swift"; sourceTree = "<group>"; };
		FAA5AE5A4C74113D53731E13 /* Configuration.swift */ = {isa = PBXFileReference; lastKnownFileType = sourcecode.swift; path = Configuration.swift; sourceTree = "<group>"; };
/* End PBXFileReference section */

/* Begin PBXFrameworksBuildPhase section */
		54BE88D28B4378C92A393E7C /* Frameworks */ = {
			isa = PBXFrameworksBuildPhase;
			buildActionMask = 2147483647;
			files = (
				67AFEE1610F569B76D68759B /* ResizableSheet in Frameworks */,
			);
			runOnlyForDeploymentPostprocessing = 0;
		};
/* End PBXFrameworksBuildPhase section */

/* Begin PBXGroup section */
		0337D14D55A8235997C67F76 /* TransactionInputScreen */ = {
			isa = PBXGroup;
			children = (
				B15109F52BBF51FD7268191C /* TransactionInputScreen.swift */,
			);
			path = TransactionInputScreen;
			sourceTree = "<group>";
		};
		1B77A00EE6CCB27B3FD1D5D0 /* Toast */ = {
			isa = PBXGroup;
			children = (
				93BD0FA58D2DBC8DC1C18E2D /* Toast.swift */,
			);
			path = Toast;
			sourceTree = "<group>";
		};
		286C2100678A88E1B937434E /* SupplierEditScreen */ = {
			isa = PBXGroup;
			children = (
				156C40644A096F752FBF0898 /* SupplierEditScreen.swift */,
			);
			path = SupplierEditScreen;
			sourceTree = "<group>";
		};
		28E33A59D174D7DF224D57CF /* Routing */ = {
			isa = PBXGroup;
			children = (
				6356E0D542B3F661BE4CC76B /* Router.swift */,
				49885AE4AD1C8BA5528998E3 /* ScreenMovable.swift */,
				0CC050C6EAA65C9B8E404889 /* ScreenType.swift */,
				BA2AA6D3492D6BF936F4258D /* SlideAnimation.swift */,
				A1599F27EDCB82BAF3B061F6 /* View+setTransAnimation.swift */,
			);
			path = Routing;
			sourceTree = "<group>";
		};
		3273C0409686AA1443D87F4B /* Products */ = {
			isa = PBXGroup;
			children = (
				766EDEF1617969AFB953E7BF /* PortfolioSwiftUI.app */,
				26A5DD1D261F704CA881B959 /* PortfolioSwiftUITests.xctest */,
				671DEDC3672452D36C7D166D /* PortfolioSwiftUIUITests.xctest */,
			);
			name = Products;
			sourceTree = "<group>";
		};
		3372595D858246003AD835E5 /* Descriptions */ = {
			isa = PBXGroup;
			children = (
				1334C7D8971C65624CC39C89 /* Description.swift */,
				8572103E445837BC6B871D07 /* DescriptionsAPI.swift */,
			);
			path = Descriptions;
			sourceTree = "<group>";
		};
		397D3A336992DFD342D4150C /* ThirdScreen */ = {
			isa = PBXGroup;
			children = (
				6653E4BAB50F3EAB15C25D30 /* ThirdScreen.swift */,
			);
			path = ThirdScreen;
			sourceTree = "<group>";
		};
		435EFA527FB60C4A51F935E3 /* TransactionsListScreen */ = {
			isa = PBXGroup;
			children = (
				08DD199B8E95AB5EA3570F70 /* TransactionsListScreen.swift */,
				BF1C97F0AC8B469D5BC4416D /* TransactionsListScreen+Sort.swift */,
			);
			path = TransactionsListScreen;
			sourceTree = "<group>";
		};
		574D227B072408A57AF0FE06 /* PortfolioSwiftUI */ = {
			isa = PBXGroup;
			children = (
				04634A86F41DB18647E4A565 /* Assets.xcassets */,
				6B64878ADE761B6A1C7A7950 /* Info.plist */,
				7E4A6D6602AE163873C2BB1A /* BottomMenu */,
				E317DA6454FB1843F2BA7470 /* Components */,
				AB46653D31BF8B74CA38E7F5 /* Controller */,
				6FF6F51BC479F8BB2F4E4C44 /* Extensions */,
				CE89FEBD1CA3FCCF2CBA1A29 /* Fonts */,
				D13B461E6111AB7EBFE4950F /* Injected */,
				9B812B2CCB6AB1B3CD6A8E1F /* Network */,
				CC76DCF55FDC0F57920E2346 /* Preview Content */,
				C906079D95008FBD55929EF3 /* Screen */,
				720187534FCA73E74A4E4A0A /* ViewModels */,
			);
			path = PortfolioSwiftUI;
			sourceTree = "<group>";
		};
		5D7809F3E870362D78E7AD9B /* PortfolioSwiftUITests */ = {
			isa = PBXGroup;
			children = (
				BCF3E5D4609DDFA3354084F6 /* Info.plist */,
			);
			path = PortfolioSwiftUITests;
			sourceTree = "<group>";
		};
		60843CA5FAF7DDF0EE718831 /* Suppliers */ = {
			isa = PBXGroup;
			children = (
				C9B7C2727033C1E9661D9D08 /* Suppliers.swift */,
				5ECA08159878CFDBAB5E3664 /* SuppliersAPI.swift */,
			);
			path = Suppliers;
			sourceTree = "<group>";
		};
		6F9EB93CA54C8B87F5E1F62C /* Roboto */ = {
			isa = PBXGroup;
			children = (
				9AA6963951E4E7F8E74877C2 /* LICENSE.txt */,
				244EEF7FE80109F25E98BCD4 /* Roboto-Bold.ttf */,
				F37EFB3B37C0A5DD9DC374E7 /* Roboto-Light.ttf */,
				881E6C664D8CCD8F43AECA70 /* Roboto-Medium.ttf */,
				E8A63467C6C8E86A6AAB0D46 /* Roboto-Regular.ttf */,
			);
			path = Roboto;
			sourceTree = "<group>";
		};
		6FF6F51BC479F8BB2F4E4C44 /* Extensions */ = {
			isa = PBXGroup;
			children = (
				B96A1A2238B420F28DE3E213 /* Color+rgb.swift */,
				D7A88F91E1A3675B6C6231D5 /* View+NavigationView.swift */,
				2DD754B4F68158DA11CC5A43 /* View+onButtonTap.swift */,
			);
			path = Extensions;
			sourceTree = "<group>";
		};
		720187534FCA73E74A4E4A0A /* ViewModels */ = {
			isa = PBXGroup;
			children = (
				D126A52AE32D765159AE2278 /* Controller+ViewModel.swift */,
				8869403E009933C5A85FD6DE /* TransactionsDetailScreen+ViewModel.swift */,
				2B41BBBC6CCD5798902B7E37 /* TransactionsListScreen+ViewModel.swift */,
			);
			path = ViewModels;
			sourceTree = "<group>";
		};
		7AC0492D6EA6EAF5B1E82B81 /* SettingScreen */ = {
			isa = PBXGroup;
			children = (
				0FFDDB1C975CD4E209523A96 /* SettingScreen.swift */,
			);
			path = SettingScreen;
			sourceTree = "<group>";
		};
		7E4A6D6602AE163873C2BB1A /* BottomMenu */ = {
			isa = PBXGroup;
			children = (
				D18380454AB15DE43A779225 /* BottomMenuType.swift */,
			);
			path = BottomMenu;
			sourceTree = "<group>";
		};
		81A843A97A84DBE1EF9D9D07 /* CircleButton */ = {
			isa = PBXGroup;
			children = (
				A6A3F14A662C18EF932CDC13 /* CircleButtonModifier.swift */,
				F9524009A15BDD16FD4C84E8 /* View+backgroundCircle.swift */,
			);
			path = CircleButton;
			sourceTree = "<group>";
		};
		84BEF1E12073CDBA2883BC76 /* Transactions */ = {
			isa = PBXGroup;
			children = (
				0DE2942E80FF9B05D88BF52F /* Transaction.swift */,
				3D40BE213878D71B453356A2 /* TransactionsAPI.swift */,
			);
			path = Transactions;
			sourceTree = "<group>";
		};
		86AE54E76623F2016482EA2C /* PullDown */ = {
			isa = PBXGroup;
			children = (
				553DB004AE5F6403D88F1DF6 /* PullDown.swift */,
			);
			path = PullDown;
			sourceTree = "<group>";
		};
		92C38454BC1272064C6782F4 /* Noto_Sans_JP */ = {
			isa = PBXGroup;
			children = (
				9EBEA3D60741FB8A1BAF81ED /* NotoSansJP-Bold.otf */,
				2BCBBD124F9AF63B0953F45E /* NotoSansJP-Medium.otf */,
				7DFFC9F3E577208C0AEA2315 /* OFL.txt */,
			);
			path = Noto_Sans_JP;
			sourceTree = "<group>";
		};
		9B812B2CCB6AB1B3CD6A8E1F /* Network */ = {
			isa = PBXGroup;
			children = (
				3A19A76342768F941ED75F59 /* AgentFactory.swift */,
				994A4D5D1928CDA755259ECD /* APIAgent.swift */,
				B4B17648BDB5E01E0F0472DD /* APIAgentProtocol.swift */,
				EBA71621F01933B5F516B0E4 /* ApiEndPoint.swift */,
				D50BE20C5D9BA0B5C41970ED /* APIError.swift */,
				FAA5AE5A4C74113D53731E13 /* Configuration.swift */,
				A5118B390A6DDF80FCFC7332 /* EndPoint.swift */,
				7191306DAFF7A11FFB66302E /* HTTPMethodEnum.swift */,
				581BC1B19D8228CBE2DCB65D /* JsonEncodeSnakeCase.swift */,
				B34B2C41218E328435EBD956 /* Loadable.swift */,
				3E78E03261C494398690D3E5 /* Mockable.swift */,
				51511D2507638A4FB1D177F0 /* RequestParameter.swift */,
				730D467096D6393E8D05A508 /* ResponseResultError.swift */,
				2793D201BCAB0B8B2A12339F /* StatusCode.swift */,
				BBDEE2BAE7CE87F9EE1C1E36 /* Token.swift */,
				94D130BE365F58C8948D9EF3 /* URLRequest+Ext.swift */,
				3372595D858246003AD835E5 /* Descriptions */,
				C4FE455FFA423B31180E527E /* Json */,
				60843CA5FAF7DDF0EE718831 /* Suppliers */,
				84BEF1E12073CDBA2883BC76 /* Transactions */,
			);
			path = Network;
			sourceTree = "<group>";
		};
		9EC8D43828710F4B0FE4A869 /* Header */ = {
			isa = PBXGroup;
			children = (
				C82B38962E1D5B36FF1C4292 /* Header.swift */,
			);
			path = Header;
			sourceTree = "<group>";
		};
		A26E7EF9F3956D4F0670A9AD /* NumPad */ = {
			isa = PBXGroup;
			children = (
				3F79BE5632791D726AE5AFA4 /* KeyPadButton.swift */,
				F14F9E6E9585BF92FFFAC9B2 /* NumberPad.swift */,
			);
			path = NumPad;
			sourceTree = "<group>";
		};
		A2DC7E7DA5EB7EAC3FEFFAEB /* View+ResizableSheet */ = {
			isa = PBXGroup;
			children = (
				3784D1D7641C9362A9933F50 /* View+ResizableSheet.swift */,
			);
			path = "View+ResizableSheet";
			sourceTree = "<group>";
		};
		A57C584C1A165ED072215976 /* DescriptionEditScreen */ = {
			isa = PBXGroup;
			children = (
				8C6A2C6B97DD821D3ABBD254 /* DescriptionEditScreen.swift */,
			);
			path = DescriptionEditScreen;
			sourceTree = "<group>";
		};
		AB46653D31BF8B74CA38E7F5 /* Controller */ = {
			isa = PBXGroup;
			children = (
				5F6544BDBC0F8C9096CF5790 /* Controller.swift */,
				8D28ADE8CDB6B78E4FE409C6 /* Controller+BackButton.swift */,
				4E3265673726FACB04EDF677 /* Controller+BottomMenu.swift */,
				42F6904CF592373B5BAE2FAF /* Controller+Footer.swift */,
				24A0125AF5308D16D3629E40 /* Controller+Header.swift */,
				63BB3B1FBA95350C6D4E5DB0 /* Controller+Navi.swift */,
				199B001F12CBAE937CC4ED98 /* Controller+NextButton.swift */,
				AFB8B713BDBAA0459B922583 /* Controller+nextOrRegistButton.swift */,
				9136491758713DE3FE21D8C4 /* Controller+RegistButton.swift */,
			);
			path = Controller;
			sourceTree = "<group>";
		};
		AB8D6ED16BEFC09538C4E28D = {
			isa = PBXGroup;
			children = (
				574D227B072408A57AF0FE06 /* PortfolioSwiftUI */,
				5D7809F3E870362D78E7AD9B /* PortfolioSwiftUITests */,
				EF1D6288C6F66CC9C8684550 /* PortfolioSwiftUIUITests */,
				3273C0409686AA1443D87F4B /* Products */,
			);
			sourceTree = "<group>";
		};
		AEC3C9F5174F916D784B34C4 /* FirstScreen */ = {
			isa = PBXGroup;
			children = (
				25CA6A14B1623AC1601D75DF /* FirstScreen.swift */,
				D7B83C6A93BCC4F1C84E7ED2 /* FirstScreen+Account.swift */,
				83274E5647A0CB417CA9263D /* FirstScreen+income.swift */,
				4FDC3D3BF73D073C662102C9 /* FirstScreen+spending.swift */,
			);
			path = FirstScreen;
			sourceTree = "<group>";
		};
		BE6C929EE3D77AEFCA8906B1 /* BottomSheetList */ = {
			isa = PBXGroup;
			children = (
				3C2B82ECDA731F27CB0A8188 /* BottomSheetList.swift */,
			);
			path = BottomSheetList;
			sourceTree = "<group>";
		};
		BEAEE71FA5348568F6F7CE72 /* TransactionDetailScreen */ = {
			isa = PBXGroup;
			children = (
				CF69D23E5BF26ED4B2A163E1 /* TransactionsDetailScreen.swift */,
			);
			path = TransactionDetailScreen;
			sourceTree = "<group>";
		};
		C4FE455FFA423B31180E527E /* Json */ = {
			isa = PBXGroup;
			children = (
				4DC8CEBDD95A7964BCA5CA27 /* Success_Fetch_Descriptions.json */,
				34CC0E68E96E041B0453EE53 /* Success_Fetch_Suppliers.json */,
				61102175B92581A9C77D72AD /* Success_Fetch_Transactions.json */,
				1889DDFB4FD2F1671C5EC68D /* Success_Regist_Transaction.json */,
			);
			path = Json;
			sourceTree = "<group>";
		};
		C5432C9FB4DDA10A62CA4A73 /* HelpScreen */ = {
			isa = PBXGroup;
			children = (
				DFC16251B6728F200D127E33 /* HelpScreen.swift */,
			);
			path = HelpScreen;
			sourceTree = "<group>";
		};
		C906079D95008FBD55929EF3 /* Screen */ = {
			isa = PBXGroup;
			children = (
				A57C584C1A165ED072215976 /* DescriptionEditScreen */,
				AEC3C9F5174F916D784B34C4 /* FirstScreen */,
				C5432C9FB4DDA10A62CA4A73 /* HelpScreen */,
				EB9707B62D37ED8ED4A30B5F /* ReceiptScreen */,
				28E33A59D174D7DF224D57CF /* Routing */,
				F46796BD9C552456E41C9E34 /* SecondScreen */,
				7AC0492D6EA6EAF5B1E82B81 /* SettingScreen */,
				286C2100678A88E1B937434E /* SupplierEditScreen */,
				397D3A336992DFD342D4150C /* ThirdScreen */,
				BEAEE71FA5348568F6F7CE72 /* TransactionDetailScreen */,
				0337D14D55A8235997C67F76 /* TransactionInputScreen */,
				435EFA527FB60C4A51F935E3 /* TransactionsListScreen */,
			);
			path = Screen;
			sourceTree = "<group>";
		};
		CC76DCF55FDC0F57920E2346 /* Preview Content */ = {
			isa = PBXGroup;
			children = (
				1DEA0FCB9BEF68F9C6967C23 /* Preview Assets.xcassets */,
			);
			path = "Preview Content";
			sourceTree = "<group>";
		};
		CE89FEBD1CA3FCCF2CBA1A29 /* Fonts */ = {
			isa = PBXGroup;
			children = (
				8EF1803C93B30B9EAB643C58 /* README.md */,
				B607B26E58AF7167DF7E1B1B /* TapSimpleButtonApp.swift */,
				B85F752C6DBAF3D831D8EBBA /* Text+Font.swift */,
				92C38454BC1272064C6782F4 /* Noto_Sans_JP */,
				6F9EB93CA54C8B87F5E1F62C /* Roboto */,
			);
			path = Fonts;
			sourceTree = "<group>";
		};
		D13B461E6111AB7EBFE4950F /* Injected */ = {
			isa = PBXGroup;
			children = (
				4EB290DB1746B5C4E3D7D644 /* AppEnvironment.swift */,
				DF26F1A8FD57F37E51C5A0ED /* AppState.swift */,
				60AEB05FEFCCB0183B5A27B3 /* DIContainer.swift */,
			);
			path = Injected;
			sourceTree = "<group>";
		};
		E317DA6454FB1843F2BA7470 /* Components */ = {
			isa = PBXGroup;
			children = (
				F8BB768D7EB26A899A0FC543 /* BottomSheet */,
				BE6C929EE3D77AEFCA8906B1 /* BottomSheetList */,
				81A843A97A84DBE1EF9D9D07 /* CircleButton */,
				9EC8D43828710F4B0FE4A869 /* Header */,
				A26E7EF9F3956D4F0670A9AD /* NumPad */,
				86AE54E76623F2016482EA2C /* PullDown */,
				1B77A00EE6CCB27B3FD1D5D0 /* Toast */,
				A2DC7E7DA5EB7EAC3FEFFAEB /* View+ResizableSheet */,
			);
			path = Components;
			sourceTree = "<group>";
		};
		EB9707B62D37ED8ED4A30B5F /* ReceiptScreen */ = {
			isa = PBXGroup;
			children = (
				3C6E4416F601ACC812AAA643 /* ReceiptScreen.swift */,
			);
			path = ReceiptScreen;
			sourceTree = "<group>";
		};
		EF1D6288C6F66CC9C8684550 /* PortfolioSwiftUIUITests */ = {
			isa = PBXGroup;
			children = (
				5160909E3FD0262DC492088C /* Info.plist */,
			);
			path = PortfolioSwiftUIUITests;
			sourceTree = "<group>";
		};
		F46796BD9C552456E41C9E34 /* SecondScreen */ = {
			isa = PBXGroup;
			children = (
				776399BF8852C5E8F6A501C0 /* SecondScreen.swift */,
			);
			path = SecondScreen;
			sourceTree = "<group>";
		};
		F8BB768D7EB26A899A0FC543 /* BottomSheet */ = {
			isa = PBXGroup;
			children = (
				6A71179EEE2068066E176194 /* BottomSheet.swift */,
			);
			path = BottomSheet;
			sourceTree = "<group>";
		};
/* End PBXGroup section */

/* Begin PBXNativeTarget section */
		8896D1287678423592927A70 /* PortfolioSwiftUIUITests */ = {
			isa = PBXNativeTarget;
			buildConfigurationList = 3E04473A926315DE3E6A2094 /* Build configuration list for PBXNativeTarget "PortfolioSwiftUIUITests" */;
			buildPhases = (
				530F9CABE37C46B9E5F20955 /* Sources */,
			);
			buildRules = (
			);
			dependencies = (
				8B10DB549C5063364D0FE21F /* PBXTargetDependency */,
			);
			name = PortfolioSwiftUIUITests;
			productName = PortfolioSwiftUIUITests;
			productReference = 671DEDC3672452D36C7D166D /* PortfolioSwiftUIUITests.xctest */;
			productType = "com.apple.product-type.bundle.ui-testing";
		};
		8A5D0FEF91B1A60362E3B234 /* PortfolioSwiftUITests */ = {
			isa = PBXNativeTarget;
			buildConfigurationList = A402EB8D677ED85DC9C2E721 /* Build configuration list for PBXNativeTarget "PortfolioSwiftUITests" */;
			buildPhases = (
				199821F783FD3871EDC52B8A /* Sources */,
			);
			buildRules = (
			);
			dependencies = (
			);
			name = PortfolioSwiftUITests;
			productName = PortfolioSwiftUITests;
			productReference = 26A5DD1D261F704CA881B959 /* PortfolioSwiftUITests.xctest */;
			productType = "com.apple.product-type.bundle.unit-test";
		};
		B0986AB63830ADE3A628B091 /* PortfolioSwiftUI */ = {
			isa = PBXNativeTarget;
			buildConfigurationList = F332461880C549BA6405C730 /* Build configuration list for PBXNativeTarget "PortfolioSwiftUI" */;
			buildPhases = (
				24A72736E540D63774F437C0 /* Sources */,
				53185A7FB5E1B1BB2AF7EC6A /* Resources */,
				54BE88D28B4378C92A393E7C /* Frameworks */,
			);
			buildRules = (
			);
			dependencies = (
			);
			name = PortfolioSwiftUI;
			packageProductDependencies = (
				104385DFD563355561CF4AFE /* ResizableSheet */,
			);
			productName = PortfolioSwiftUI;
			productReference = 766EDEF1617969AFB953E7BF /* PortfolioSwiftUI.app */;
			productType = "com.apple.product-type.application";
		};
/* End PBXNativeTarget section */

/* Begin PBXProject section */
		C46AE6208C4DBE52027FA54B /* Project object */ = {
			isa = PBXProject;
			attributes = {
				LastUpgradeCheck = 1310;
				TargetAttributes = {
					8896D1287678423592927A70 = {
						DevelopmentTeam = NONE;
						ProvisioningStyle = Manual;
						TestTargetID = B0986AB63830ADE3A628B091;
					};
					8A5D0FEF91B1A60362E3B234 = {
						DevelopmentTeam = NONE;
						ProvisioningStyle = Manual;
					};
					B0986AB63830ADE3A628B091 = {
						DevelopmentTeam = NONE;
						ProvisioningStyle = Manual;
					};
				};
			};
			buildConfigurationList = 80542B8DB380594CB2694CAA /* Build configuration list for PBXProject "PortfolioSwiftUI" */;
			compatibilityVersion = "Xcode 11.0";
			developmentRegion = en;
			hasScannedForEncodings = 0;
			knownRegions = (
				Base,
				en,
			);
			mainGroup = AB8D6ED16BEFC09538C4E28D;
			packageReferences = (
				B6E67AD93F355106FFB109F1 /* XCRemoteSwiftPackageReference "ResizableSheet" */,
			);
			projectDirPath = "";
			projectRoot = "";
			targets = (
				B0986AB63830ADE3A628B091 /* PortfolioSwiftUI */,
				8A5D0FEF91B1A60362E3B234 /* PortfolioSwiftUITests */,
				8896D1287678423592927A70 /* PortfolioSwiftUIUITests */,
			);
		};
/* End PBXProject section */

/* Begin PBXResourcesBuildPhase section */
		53185A7FB5E1B1BB2AF7EC6A /* Resources */ = {
			isa = PBXResourcesBuildPhase;
			buildActionMask = 2147483647;
			files = (
				89E107A82C62207894538B9F /* Assets.xcassets in Resources */,
				41C9990941BF7731441504BB /* LICENSE.txt in Resources */,
				CAAA9F2204335A8338E6E299 /* NotoSansJP-Bold.otf in Resources */,
				6CF19E37058FC84567DB2FD3 /* NotoSansJP-Medium.otf in Resources */,
				8745206959C8030C45CB4647 /* OFL.txt in Resources */,
				D19E178DC29757072BD70FC2 /* Preview Assets.xcassets in Resources */,
				89EFD65431E9DF5A0F95F7C3 /* README.md in Resources */,
				9977C43F387BF575CD9B116D /* Roboto-Bold.ttf in Resources */,
				480BC5F4EC5CF5C941AA2A5D /* Roboto-Light.ttf in Resources */,
				0A61B8D986D2431C7296DC6F /* Roboto-Medium.ttf in Resources */,
				24995CD5D87C3CC8ED73210E /* Roboto-Regular.ttf in Resources */,
				53085DC4E033194A4C0AE543 /* Success_Fetch_Descriptions.json in Resources */,
				B781987F6E20D3700AC492D4 /* Success_Fetch_Suppliers.json in Resources */,
				56B03A4697047823D3639ADF /* Success_Fetch_Transactions.json in Resources */,
				18DB92C2BBAA6E765F51723C /* Success_Regist_Transaction.json in Resources */,
			);
			runOnlyForDeploymentPostprocessing = 0;
		};
/* End PBXResourcesBuildPhase section */

/* Begin PBXSourcesBuildPhase section */
		199821F783FD3871EDC52B8A /* Sources */ = {
			isa = PBXSourcesBuildPhase;
			buildActionMask = 2147483647;
			files = (
			);
			runOnlyForDeploymentPostprocessing = 0;
		};
		24A72736E540D63774F437C0 /* Sources */ = {
			isa = PBXSourcesBuildPhase;
			buildActionMask = 2147483647;
			files = (
				1DB1CEBABB60D3E0AE2B4F31 /* APIAgent.swift in Sources */,
				5D22633DC761D10A900734FE /* APIAgentProtocol.swift in Sources */,
				08E27A55F445A9F5AD0846BB /* APIError.swift in Sources */,
				67E932220EFDEEA3AAA16614 /* AgentFactory.swift in Sources */,
				F1C328C9C9D086B7C73A928B /* ApiEndPoint.swift in Sources */,
				DC057E19A04638F369E2D2B3 /* AppEnvironment.swift in Sources */,
				C725E8AB9E4E2ADB27A498E0 /* AppState.swift in Sources */,
				CA9E59C3E7E940192B273EEC /* BottomMenuType.swift in Sources */,
				37E436BCBDBAFC4068F66C51 /* BottomSheet.swift in Sources */,
				63CD1A38AD88236B3E9EC147 /* BottomSheetList.swift in Sources */,
				CAD867B26422757F8EFA79E7 /* CircleButtonModifier.swift in Sources */,
				EEAFDD3862BE94FA19CCB319 /* Color+rgb.swift in Sources */,
				EE976E7B8E855F280EA90671 /* Configuration.swift in Sources */,
				FC59ABA7A146350D26C81F52 /* Controller+BackButton.swift in Sources */,
				38DE5850E217C1291ADF9C55 /* Controller+BottomMenu.swift in Sources */,
				07AAAC7EE213D6651DC9806A /* Controller+Footer.swift in Sources */,
				FAF15D989A0BF2F5BFF7CE01 /* Controller+Header.swift in Sources */,
				AFD7F43E11DDA833F6A9CF88 /* Controller+Navi.swift in Sources */,
				C208D1891435B4F90C3A7E76 /* Controller+NextButton.swift in Sources */,
				4695A47B1DF3A73D1F852A8C /* Controller+RegistButton.swift in Sources */,
				AEAAF4E75E07774D69BEE349 /* Controller+ViewModel.swift in Sources */,
				C92090EEB6196F6413EAB919 /* Controller+nextOrRegistButton.swift in Sources */,
				F934EF0604C10FEAEF23FD13 /* Controller.swift in Sources */,
				70733C479E882E7A10A5151A /* DIContainer.swift in Sources */,
				70AC0B143A72EE6DB74B6289 /* Description.swift in Sources */,
				059C0DD9FC0F9145C44D40CE /* DescriptionEditScreen.swift in Sources */,
				C13C1B2BFBDAA3FB488FECD0 /* DescriptionsAPI.swift in Sources */,
				6009DD6F720EA86E8FD95119 /* EndPoint.swift in Sources */,
				5405F884F50BF864EAD216FB /* FirstScreen+Account.swift in Sources */,
				F7E277675457C3848B8A5EE0 /* FirstScreen+income.swift in Sources */,
				913795D88F33C94408878626 /* FirstScreen+spending.swift in Sources */,
				FB799718123475778859CA14 /* FirstScreen.swift in Sources */,
				1C6E4E9A0D4C7AA5F2C02D10 /* HTTPMethodEnum.swift in Sources */,
				DB948643570142642565BBB8 /* Header.swift in Sources */,
				9F63B26BC6D9B62BBD869928 /* HelpScreen.swift in Sources */,
				658C0FB16E0C335E4712827C /* JsonEncodeSnakeCase.swift in Sources */,
				DA0ED98530BA8EB36251F0D2 /* KeyPadButton.swift in Sources */,
				2FBB928869B56A4B5CD0A843 /* Loadable.swift in Sources */,
				63FE2063E555DF0C0B1688D9 /* Mockable.swift in Sources */,
				DB97B98EA8ACF83DBABB5F79 /* NumberPad.swift in Sources */,
				4E78C697720B44E7A7E536D5 /* PullDown.swift in Sources */,
				4309E1DA50401DEE05DE6995 /* ReceiptScreen.swift in Sources */,
				8839686E9DAF44E62A0CA8E0 /* RequestParameter.swift in Sources */,
				61FA2FE2A92D46E69FF5FC0E /* ResponseResultError.swift in Sources */,
				AC1EC2DE001DEBBA4DBA4607 /* Router.swift in Sources */,
				76595F31842C734AF1061003 /* ScreenMovable.swift in Sources */,
				BDCF335D26C2813A4403A278 /* ScreenType.swift in Sources */,
				53738CB0BABA48CB6C5A728A /* SecondScreen.swift in Sources */,
				2D19EC7D0B595B791A073DC8 /* SettingScreen.swift in Sources */,
				D3683F9CB36AB52386EA5A9C /* SlideAnimation.swift in Sources */,
				ADECE95B23B4FB1D900EB64C /* StatusCode.swift in Sources */,
				9AA01396009463254AC2C0E4 /* SupplierEditScreen.swift in Sources */,
				E66463D787747AEB53FB0F54 /* Suppliers.swift in Sources */,
				E025E8AD359BBAD0E5897C2E /* SuppliersAPI.swift in Sources */,
				9574EF4DAC566987EDBADC75 /* TapSimpleButtonApp.swift in Sources */,
				670FAFB5256C4CD37F741056 /* Text+Font.swift in Sources */,
				4D3970D5F242B413053307A5 /* ThirdScreen.swift in Sources */,
				56B3414FAD2279295CB6929A /* Toast.swift in Sources */,
				36089CCACBB13064A134AB11 /* Token.swift in Sources */,
				852DAA063D1C23F71749DE2B /* Transaction.swift in Sources */,
				137C998A8FBBC0596ABF8411 /* TransactionInputScreen.swift in Sources */,
				FD2F0FFA1AE57A0837A25B8E /* TransactionsAPI.swift in Sources */,
				91DB6CCDE20BB7A239C080EE /* TransactionsDetailScreen+ViewModel.swift in Sources */,
				62815B3C908CDDC116F805F0 /* TransactionsDetailScreen.swift in Sources */,
				ABA87DFB727CC7EA98DDE26B /* TransactionsListScreen+Sort.swift in Sources */,
				4E7BEDF50201F91997FD15FD /* TransactionsListScreen+ViewModel.swift in Sources */,
				3925B1A627128A632CB0A368 /* TransactionsListScreen.swift in Sources */,
				5FE324A78654AED5429C6054 /* URLRequest+Ext.swift in Sources */,
				6EC40CE4D69CA19905CD1B0C /* View+NavigationView.swift in Sources */,
				EDAE827E56909F072A1FA4F3 /* View+ResizableSheet.swift in Sources */,
				544C1A270FCD077108385250 /* View+backgroundCircle.swift in Sources */,
				158B8DBE7F9BA444554DB0FF /* View+onButtonTap.swift in Sources */,
				D533B0046E7649C0F4ED56E4 /* View+setTransAnimation.swift in Sources */,
			);
			runOnlyForDeploymentPostprocessing = 0;
		};
		530F9CABE37C46B9E5F20955 /* Sources */ = {
			isa = PBXSourcesBuildPhase;
			buildActionMask = 2147483647;
			files = (
			);
			runOnlyForDeploymentPostprocessing = 0;
		};
/* End PBXSourcesBuildPhase section */

/* Begin PBXTargetDependency section */
		8B10DB549C5063364D0FE21F /* PBXTargetDependency */ = {
			isa = PBXTargetDependency;
			target = B0986AB63830ADE3A628B091 /* PortfolioSwiftUI */;
			targetProxy = 29411735CA493EB420BBD541 /* PBXContainerItemProxy */;
		};
/* End PBXTargetDependency section */

/* Begin XCBuildConfiguration section */
		0A95F98FDFC9F1EF8CB24925 /* Release */ = {
			isa = XCBuildConfiguration;
			buildSettings = {
				ALWAYS_SEARCH_USER_PATHS = NO;
				CLANG_ANALYZER_NONNULL = YES;
				CLANG_ANALYZER_NUMBER_OBJECT_CONVERSION = YES_AGGRESSIVE;
				CLANG_CXX_LANGUAGE_STANDARD = "gnu++17";
				CLANG_CXX_LIBRARY = "libc++";
				CLANG_ENABLE_MODULES = YES;
				CLANG_ENABLE_OBJC_ARC = YES;
				CLANG_ENABLE_OBJC_WEAK = YES;
				CLANG_WARN_BLOCK_CAPTURE_AUTORELEASING = YES;
				CLANG_WARN_BOOL_CONVERSION = YES;
				CLANG_WARN_COMMA = YES;
				CLANG_WARN_CONSTANT_CONVERSION = YES;
				CLANG_WARN_DEPRECATED_OBJC_IMPLEMENTATIONS = YES;
				CLANG_WARN_DIRECT_OBJC_ISA_USAGE = YES_ERROR;
				CLANG_WARN_DOCUMENTATION_COMMENTS = YES;
				CLANG_WARN_EMPTY_BODY = YES;
				CLANG_WARN_ENUM_CONVERSION = YES;
				CLANG_WARN_INFINITE_RECURSION = YES;
				CLANG_WARN_INT_CONVERSION = YES;
				CLANG_WARN_NON_LITERAL_NULL_CONVERSION = YES;
				CLANG_WARN_OBJC_IMPLICIT_RETAIN_SELF = YES;
				CLANG_WARN_OBJC_LITERAL_CONVERSION = YES;
				CLANG_WARN_OBJC_ROOT_CLASS = YES_ERROR;
				CLANG_WARN_QUOTED_INCLUDE_IN_FRAMEWORK_HEADER = YES;
				CLANG_WARN_RANGE_LOOP_ANALYSIS = YES;
				CLANG_WARN_STRICT_PROTOTYPES = YES;
				CLANG_WARN_SUSPICIOUS_MOVE = YES;
				CLANG_WARN_UNGUARDED_AVAILABILITY = YES_AGGRESSIVE;
				CLANG_WARN_UNREACHABLE_CODE = YES;
				CLANG_WARN__DUPLICATE_METHOD_MATCH = YES;
				CODE_SIGN_STYLE = Manual;
				COPY_PHASE_STRIP = NO;
				CURRENT_PROJECT_VERSION = 1;
				DEBUG_INFORMATION_FORMAT = "dwarf-with-dsym";
				DEVELOPMENT_TEAM = NONE;
				ENABLE_NS_ASSERTIONS = NO;
				ENABLE_STRICT_OBJC_MSGSEND = YES;
				GCC_C_LANGUAGE_STANDARD = gnu11;
				GCC_NO_COMMON_BLOCKS = YES;
				GCC_WARN_64_TO_32_BIT_CONVERSION = YES;
				GCC_WARN_ABOUT_RETURN_TYPE = YES_ERROR;
				GCC_WARN_UNDECLARED_SELECTOR = YES;
				GCC_WARN_UNINITIALIZED_AUTOS = YES_AGGRESSIVE;
				GCC_WARN_UNUSED_FUNCTION = YES;
				GCC_WARN_UNUSED_VARIABLE = YES;
				IPHONEOS_DEPLOYMENT_TARGET = 15.0;
				MARKETING_VERSION = 1.0.0;
				MTL_ENABLE_DEBUG_INFO = NO;
				MTL_FAST_MATH = YES;
				PRODUCT_NAME = "$(TARGET_NAME)";
				SDKROOT = iphoneos;
				SWIFT_COMPILATION_MODE = wholemodule;
				SWIFT_OPTIMIZATION_LEVEL = "-O";
				SWIFT_VERSION = 5.0;
			};
			name = Release;
		};
		2C539C2BFE0A9C9D03C7DE9B /* Release */ = {
			isa = XCBuildConfiguration;
			buildSettings = {
				ALWAYS_EMBED_SWIFT_STANDARD_LIBRARIES = YES;
				BUNDLE_LOADER = "$(TEST_HOST)";
				INFOPLIST_FILE = PortfolioSwiftUIUITests/Info.plist;
				LD_RUNPATH_SEARCH_PATHS = (
					"$(inherited)",
					"@executable_path/Frameworks",
					"@loader_path/Frameworks",
				);
				PRODUCT_BUNDLE_IDENTIFIER = com.example.PortfolioSwiftUIUITests;
				SDKROOT = iphoneos;
				TARGETED_DEVICE_FAMILY = "1,2";
				TEST_TARGET_NAME = PortfolioSwiftUI;
			};
			name = Release;
		};
		4B5F03DF46F07C2C70181B39 /* Debug */ = {
			isa = XCBuildConfiguration;
			buildSettings = {
				ASSETCATALOG_COMPILER_APPICON_NAME = AppIcon;
				ASSETCATALOG_COMPILER_GLOBAL_ACCENT_COLOR_NAME = AccentColor;
				CODE_SIGN_IDENTITY = "iPhone Developer";
				DEVELOPMENT_ASSET_PATHS = "\"PortfolioSwiftUI/Preview Content\"";
				ENABLE_PREVIEWS = YES;
				INFOPLIST_FILE = PortfolioSwiftUI/Info.plist;
				LD_RUNPATH_SEARCH_PATHS = (
					"$(inherited)",
					"@executable_path/Frameworks",
				);
				PRODUCT_BUNDLE_IDENTIFIER = com.example.PortfolioSwiftUI;
				SDKROOT = iphoneos;
				TARGETED_DEVICE_FAMILY = "1,2";
			};
			name = Debug;
		};
		65DBA92722A3E10D60DDE7EA /* Debug */ = {
			isa = XCBuildConfiguration;
			buildSettings = {
				ALWAYS_EMBED_SWIFT_STANDARD_LIBRARIES = YES;
				BUNDLE_LOADER = "$(TEST_HOST)";
				INFOPLIST_FILE = PortfolioSwiftUIUITests/Info.plist;
				LD_RUNPATH_SEARCH_PATHS = (
					"$(inherited)",
					"@executable_path/Frameworks",
					"@loader_path/Frameworks",
				);
				PRODUCT_BUNDLE_IDENTIFIER = com.example.PortfolioSwiftUIUITests;
				SDKROOT = iphoneos;
				TARGETED_DEVICE_FAMILY = "1,2";
				TEST_TARGET_NAME = PortfolioSwiftUI;
			};
			name = Debug;
		};
		6AF0D38C9DDE4ABAD32A526E /* Release */ = {
			isa = XCBuildConfiguration;
			buildSettings = {
				ALWAYS_EMBED_SWIFT_STANDARD_LIBRARIES = YES;
				BUNDLE_LOADER = "$(TEST_HOST)";
				INFOPLIST_FILE = PortfolioSwiftUITests/Info.plist;
				LD_RUNPATH_SEARCH_PATHS = (
					"$(inherited)",
					"@executable_path/Frameworks",
					"@loader_path/Frameworks",
				);
				PRODUCT_BUNDLE_IDENTIFIER = com.example.PortfolioSwiftUITests;
				SDKROOT = iphoneos;
				TARGETED_DEVICE_FAMILY = "1,2";
			};
			name = Release;
		};
		8468D5F4678B46A2C9365071 /* Release */ = {
			isa = XCBuildConfiguration;
			buildSettings = {
				ASSETCATALOG_COMPILER_APPICON_NAME = AppIcon;
				ASSETCATALOG_COMPILER_GLOBAL_ACCENT_COLOR_NAME = AccentColor;
				CODE_SIGN_IDENTITY = "iPhone Developer";
				DEVELOPMENT_ASSET_PATHS = "\"PortfolioSwiftUI/Preview Content\"";
				ENABLE_PREVIEWS = YES;
				INFOPLIST_FILE = PortfolioSwiftUI/Info.plist;
				LD_RUNPATH_SEARCH_PATHS = (
					"$(inherited)",
					"@executable_path/Frameworks",
				);
				PRODUCT_BUNDLE_IDENTIFIER = com.example.PortfolioSwiftUI;
				SDKROOT = iphoneos;
				TARGETED_DEVICE_FAMILY = "1,2";
			};
			name = Release;
		};
		AED81B85CBBE805E8863536A /* Debug */ = {
			isa = XCBuildConfiguration;
			buildSettings = {
				ALWAYS_SEARCH_USER_PATHS = NO;
				CLANG_ANALYZER_NONNULL = YES;
				CLANG_ANALYZER_NUMBER_OBJECT_CONVERSION = YES_AGGRESSIVE;
				CLANG_CXX_LANGUAGE_STANDARD = "gnu++17";
				CLANG_CXX_LIBRARY = "libc++";
				CLANG_ENABLE_MODULES = YES;
				CLANG_ENABLE_OBJC_ARC = YES;
				CLANG_ENABLE_OBJC_WEAK = YES;
				CLANG_WARN_BLOCK_CAPTURE_AUTORELEASING = YES;
				CLANG_WARN_BOOL_CONVERSION = YES;
				CLANG_WARN_COMMA = YES;
				CLANG_WARN_CONSTANT_CONVERSION = YES;
				CLANG_WARN_DEPRECATED_OBJC_IMPLEMENTATIONS = YES;
				CLANG_WARN_DIRECT_OBJC_ISA_USAGE = YES_ERROR;
				CLANG_WARN_DOCUMENTATION_COMMENTS = YES;
				CLANG_WARN_EMPTY_BODY = YES;
				CLANG_WARN_ENUM_CONVERSION = YES;
				CLANG_WARN_INFINITE_RECURSION = YES;
				CLANG_WARN_INT_CONVERSION = YES;
				CLANG_WARN_NON_LITERAL_NULL_CONVERSION = YES;
				CLANG_WARN_OBJC_IMPLICIT_RETAIN_SELF = YES;
				CLANG_WARN_OBJC_LITERAL_CONVERSION = YES;
				CLANG_WARN_OBJC_ROOT_CLASS = YES_ERROR;
				CLANG_WARN_QUOTED_INCLUDE_IN_FRAMEWORK_HEADER = YES;
				CLANG_WARN_RANGE_LOOP_ANALYSIS = YES;
				CLANG_WARN_STRICT_PROTOTYPES = YES;
				CLANG_WARN_SUSPICIOUS_MOVE = YES;
				CLANG_WARN_UNGUARDED_AVAILABILITY = YES_AGGRESSIVE;
				CLANG_WARN_UNREACHABLE_CODE = YES;
				CLANG_WARN__DUPLICATE_METHOD_MATCH = YES;
				CODE_SIGN_STYLE = Manual;
				COPY_PHASE_STRIP = NO;
				CURRENT_PROJECT_VERSION = 1;
				DEBUG_INFORMATION_FORMAT = dwarf;
				DEVELOPMENT_TEAM = NONE;
				ENABLE_STRICT_OBJC_MSGSEND = YES;
				ENABLE_TESTABILITY = YES;
				GCC_C_LANGUAGE_STANDARD = gnu11;
				GCC_DYNAMIC_NO_PIC = NO;
				GCC_NO_COMMON_BLOCKS = YES;
				GCC_OPTIMIZATION_LEVEL = 0;
				GCC_PREPROCESSOR_DEFINITIONS = (
					"$(inherited)",
					"DEBUG=1",
				);
				GCC_WARN_64_TO_32_BIT_CONVERSION = YES;
				GCC_WARN_ABOUT_RETURN_TYPE = YES_ERROR;
				GCC_WARN_UNDECLARED_SELECTOR = YES;
				GCC_WARN_UNINITIALIZED_AUTOS = YES_AGGRESSIVE;
				GCC_WARN_UNUSED_FUNCTION = YES;
				GCC_WARN_UNUSED_VARIABLE = YES;
				IPHONEOS_DEPLOYMENT_TARGET = 15.0;
				MARKETING_VERSION = 1.0.0;
				MTL_ENABLE_DEBUG_INFO = INCLUDE_SOURCE;
				MTL_FAST_MATH = YES;
				ONLY_ACTIVE_ARCH = YES;
				PRODUCT_NAME = "$(TARGET_NAME)";
				SDKROOT = iphoneos;
				SWIFT_ACTIVE_COMPILATION_CONDITIONS = DEBUG;
				SWIFT_OPTIMIZATION_LEVEL = "-Onone";
				SWIFT_VERSION = 5.0;
			};
			name = Debug;
		};
		C7C8204A78887A574B40CF88 /* Debug */ = {
			isa = XCBuildConfiguration;
			buildSettings = {
				ALWAYS_EMBED_SWIFT_STANDARD_LIBRARIES = YES;
				BUNDLE_LOADER = "$(TEST_HOST)";
				INFOPLIST_FILE = PortfolioSwiftUITests/Info.plist;
				LD_RUNPATH_SEARCH_PATHS = (
					"$(inherited)",
					"@executable_path/Frameworks",
					"@loader_path/Frameworks",
				);
				PRODUCT_BUNDLE_IDENTIFIER = com.example.PortfolioSwiftUITests;
				SDKROOT = iphoneos;
				TARGETED_DEVICE_FAMILY = "1,2";
			};
			name = Debug;
		};
/* End XCBuildConfiguration section */

/* Begin XCConfigurationList section */
		3E04473A926315DE3E6A2094 /* Build configuration list for PBXNativeTarget "PortfolioSwiftUIUITests" */ = {
			isa = XCConfigurationList;
			buildConfigurations = (
				65DBA92722A3E10D60DDE7EA /* Debug */,
				2C539C2BFE0A9C9D03C7DE9B /* Release */,
			);
			defaultConfigurationIsVisible = 0;
			defaultConfigurationName = Debug;
		};
		80542B8DB380594CB2694CAA /* Build configuration list for PBXProject "PortfolioSwiftUI" */ = {
			isa = XCConfigurationList;
			buildConfigurations = (
				AED81B85CBBE805E8863536A /* Debug */,
				0A95F98FDFC9F1EF8CB24925 /* Release */,
			);
			defaultConfigurationIsVisible = 0;
			defaultConfigurationName = Debug;
		};
		A402EB8D677ED85DC9C2E721 /* Build configuration list for PBXNativeTarget "PortfolioSwiftUITests" */ = {
			isa = XCConfigurationList;
			buildConfigurations = (
				C7C8204A78887A574B40CF88 /* Debug */,
				6AF0D38C9DDE4ABAD32A526E /* Release */,
			);
			defaultConfigurationIsVisible = 0;
			defaultConfigurationName = Debug;
		};
		F332461880C549BA6405C730 /* Build configuration list for PBXNativeTarget "PortfolioSwiftUI" */ = {
			isa = XCConfigurationList;
			buildConfigurations = (
				4B5F03DF46F07C2C70181B39 /* Debug */,
				8468D5F4678B46A2C9365071 /* Release */,
			);
			defaultConfigurationIsVisible = 0;
			defaultConfigurationName = Debug;
		};
/* End XCConfigurationList section */

/* Begin XCRemoteSwiftPackageReference section */
		B6E67AD93F355106FFB109F1 /* XCRemoteSwiftPackageReference "ResizableSheet" */ = {
			isa = XCRemoteSwiftPackageReference;
			repositoryURL = "https://github.com/mtj0928/ResizableSheet";
			requirement = {
				kind = exactVersion;
				version = 0.0.4;
			};
		};
/* End XCRemoteSwiftPackageReference section */

/* Begin XCSwiftPackageProductDependency section */
		104385DFD563355561CF4AFE /* ResizableSheet */ = {
			isa = XCSwiftPackageProductDependency;
			package = B6E67AD93F355106FFB109F1 /* XCRemoteSwiftPackageReference "ResizableSheet" */;
			productName = ResizableSheet;
		};
/* End XCSwiftPackageProductDependency section */
	};
	rootObject = C46AE6208C4DBE52027FA54B /* Project object */;
}
