// !$*UTF8*$!
{
	archiveVersion = 1;
	classes = {
	};
	objectVersion = 55;
	objects = {

/* Begin PBXBuildFile section */
		F13CA31D286E769E00527D1E /* TapSimpleButtonApp.swift in Sources */ = {isa = PBXBuildFile; fileRef = F13CA31C286E769E00527D1E /* TapSimpleButtonApp.swift */; };
		F13CA31F286E769E00527D1E /* Controller.swift in Sources */ = {isa = PBXBuildFile; fileRef = F13CA31E286E769E00527D1E /* Controller.swift */; };
		F13CA321286E769F00527D1E /* Assets.xcassets in Resources */ = {isa = PBXBuildFile; fileRef = F13CA320286E769F00527D1E /* Assets.xcassets */; };
		F13CA324286E769F00527D1E /* Preview Assets.xcassets in Resources */ = {isa = PBXBuildFile; fileRef = F13CA323286E769F00527D1E /* Preview Assets.xcassets */; };
		F13CA32C286FB8E200527D1E /* Router.swift in Sources */ = {isa = PBXBuildFile; fileRef = F13CA32B286FB8E200527D1E /* Router.swift */; };
		F13CA32E286FB9E700527D1E /* ScreenType.swift in Sources */ = {isa = PBXBuildFile; fileRef = F13CA32D286FB9E700527D1E /* ScreenType.swift */; };
		F13CA330286FBA1D00527D1E /* ScreenMovable.swift in Sources */ = {isa = PBXBuildFile; fileRef = F13CA32F286FBA1D00527D1E /* ScreenMovable.swift */; };
		F13CA332286FBA4A00527D1E /* SlideAnimation.swift in Sources */ = {isa = PBXBuildFile; fileRef = F13CA331286FBA4900527D1E /* SlideAnimation.swift */; };
		F13CA334286FBB3E00527D1E /* ThirdScreen.swift in Sources */ = {isa = PBXBuildFile; fileRef = F13CA333286FBB3D00527D1E /* ThirdScreen.swift */; };
		F13CA336286FBB6C00527D1E /* FirstScreen.swift in Sources */ = {isa = PBXBuildFile; fileRef = F13CA335286FBB6C00527D1E /* FirstScreen.swift */; };
		F13CA338286FBBB500527D1E /* Controller+NextButton.swift in Sources */ = {isa = PBXBuildFile; fileRef = F13CA337286FBBB500527D1E /* Controller+NextButton.swift */; };
		F13CA33A286FBBEC00527D1E /* SecondScreen.swift in Sources */ = {isa = PBXBuildFile; fileRef = F13CA339286FBBEC00527D1E /* SecondScreen.swift */; };
		F13CA33C286FBC3A00527D1E /* Controller+Navi.swift in Sources */ = {isa = PBXBuildFile; fileRef = F13CA33B286FBC3A00527D1E /* Controller+Navi.swift */; };
		F13CA33E286FBCFF00527D1E /* FirstScreen+Account.swift in Sources */ = {isa = PBXBuildFile; fileRef = F13CA33D286FBCFF00527D1E /* FirstScreen+Account.swift */; };
		F13CA340286FBFFF00527D1E /* CircleButtonModifier.swift in Sources */ = {isa = PBXBuildFile; fileRef = F13CA33F286FBFFF00527D1E /* CircleButtonModifier.swift */; };
		F13CA342286FC3E500527D1E /* Controller+Footer.swift in Sources */ = {isa = PBXBuildFile; fileRef = F13CA341286FC3E500527D1E /* Controller+Footer.swift */; };
		F13CA344286FD51E00527D1E /* Controller+BackButton.swift in Sources */ = {isa = PBXBuildFile; fileRef = F13CA343286FD51E00527D1E /* Controller+BackButton.swift */; };
		F13CA346286FE69000527D1E /* Controller+RegistButton.swift in Sources */ = {isa = PBXBuildFile; fileRef = F13CA345286FE69000527D1E /* Controller+RegistButton.swift */; };
		F13CA348286FE70500527D1E /* Controller+nextOrRegistButton.swift in Sources */ = {isa = PBXBuildFile; fileRef = F13CA347286FE70500527D1E /* Controller+nextOrRegistButton.swift */; };
		F13CA34C286FED2C00527D1E /* KeyPadButton.swift in Sources */ = {isa = PBXBuildFile; fileRef = F13CA34B286FED2C00527D1E /* KeyPadButton.swift */; };
		F13CA34E286FED4500527D1E /* NumberPad.swift in Sources */ = {isa = PBXBuildFile; fileRef = F13CA34D286FED4500527D1E /* NumberPad.swift */; };
		F13CA350286FF9F300527D1E /* Color+rgb.swift in Sources */ = {isa = PBXBuildFile; fileRef = F13CA34F286FF9F300527D1E /* Color+rgb.swift */; };
		F13CA352286FFDE800527D1E /* Controller+Header.swift in Sources */ = {isa = PBXBuildFile; fileRef = F13CA351286FFDE800527D1E /* Controller+Header.swift */; };
		F13CA35428708D6200527D1E /* HeaderInfo.swift in Sources */ = {isa = PBXBuildFile; fileRef = F13CA35328708D6200527D1E /* HeaderInfo.swift */; };
		F13CA3562870904F00527D1E /* Controller+BottomMenu.swift in Sources */ = {isa = PBXBuildFile; fileRef = F13CA3552870904F00527D1E /* Controller+BottomMenu.swift */; };
/* End PBXBuildFile section */

/* Begin PBXFileReference section */
		F13CA319286E769E00527D1E /* TapSimpleButton.app */ = {isa = PBXFileReference; explicitFileType = wrapper.application; includeInIndex = 0; path = TapSimpleButton.app; sourceTree = BUILT_PRODUCTS_DIR; };
		F13CA31C286E769E00527D1E /* TapSimpleButtonApp.swift */ = {isa = PBXFileReference; lastKnownFileType = sourcecode.swift; path = TapSimpleButtonApp.swift; sourceTree = "<group>"; };
		F13CA31E286E769E00527D1E /* Controller.swift */ = {isa = PBXFileReference; lastKnownFileType = sourcecode.swift; path = Controller.swift; sourceTree = "<group>"; };
		F13CA320286E769F00527D1E /* Assets.xcassets */ = {isa = PBXFileReference; lastKnownFileType = folder.assetcatalog; path = Assets.xcassets; sourceTree = "<group>"; };
		F13CA323286E769F00527D1E /* Preview Assets.xcassets */ = {isa = PBXFileReference; lastKnownFileType = folder.assetcatalog; path = "Preview Assets.xcassets"; sourceTree = "<group>"; };
		F13CA32B286FB8E200527D1E /* Router.swift */ = {isa = PBXFileReference; lastKnownFileType = sourcecode.swift; path = Router.swift; sourceTree = "<group>"; };
		F13CA32D286FB9E700527D1E /* ScreenType.swift */ = {isa = PBXFileReference; lastKnownFileType = sourcecode.swift; path = ScreenType.swift; sourceTree = "<group>"; };
		F13CA32F286FBA1D00527D1E /* ScreenMovable.swift */ = {isa = PBXFileReference; lastKnownFileType = sourcecode.swift; path = ScreenMovable.swift; sourceTree = "<group>"; };
		F13CA331286FBA4900527D1E /* SlideAnimation.swift */ = {isa = PBXFileReference; lastKnownFileType = sourcecode.swift; path = SlideAnimation.swift; sourceTree = "<group>"; };
		F13CA333286FBB3D00527D1E /* ThirdScreen.swift */ = {isa = PBXFileReference; lastKnownFileType = sourcecode.swift; path = ThirdScreen.swift; sourceTree = "<group>"; };
		F13CA335286FBB6C00527D1E /* FirstScreen.swift */ = {isa = PBXFileReference; lastKnownFileType = sourcecode.swift; path = FirstScreen.swift; sourceTree = "<group>"; };
		F13CA337286FBBB500527D1E /* Controller+NextButton.swift */ = {isa = PBXFileReference; lastKnownFileType = sourcecode.swift; path = "Controller+NextButton.swift"; sourceTree = "<group>"; };
		F13CA339286FBBEC00527D1E /* SecondScreen.swift */ = {isa = PBXFileReference; lastKnownFileType = sourcecode.swift; path = SecondScreen.swift; sourceTree = "<group>"; };
		F13CA33B286FBC3A00527D1E /* Controller+Navi.swift */ = {isa = PBXFileReference; lastKnownFileType = sourcecode.swift; path = "Controller+Navi.swift"; sourceTree = "<group>"; };
		F13CA33D286FBCFF00527D1E /* FirstScreen+Account.swift */ = {isa = PBXFileReference; lastKnownFileType = sourcecode.swift; path = "FirstScreen+Account.swift"; sourceTree = "<group>"; };
		F13CA33F286FBFFF00527D1E /* CircleButtonModifier.swift */ = {isa = PBXFileReference; lastKnownFileType = sourcecode.swift; path = CircleButtonModifier.swift; sourceTree = "<group>"; };
		F13CA341286FC3E500527D1E /* Controller+Footer.swift */ = {isa = PBXFileReference; lastKnownFileType = sourcecode.swift; path = "Controller+Footer.swift"; sourceTree = "<group>"; };
		F13CA343286FD51E00527D1E /* Controller+BackButton.swift */ = {isa = PBXFileReference; lastKnownFileType = sourcecode.swift; path = "Controller+BackButton.swift"; sourceTree = "<group>"; };
		F13CA345286FE69000527D1E /* Controller+RegistButton.swift */ = {isa = PBXFileReference; lastKnownFileType = sourcecode.swift; path = "Controller+RegistButton.swift"; sourceTree = "<group>"; };
		F13CA347286FE70500527D1E /* Controller+nextOrRegistButton.swift */ = {isa = PBXFileReference; lastKnownFileType = sourcecode.swift; path = "Controller+nextOrRegistButton.swift"; sourceTree = "<group>"; };
		F13CA34B286FED2C00527D1E /* KeyPadButton.swift */ = {isa = PBXFileReference; lastKnownFileType = sourcecode.swift; path = KeyPadButton.swift; sourceTree = "<group>"; };
		F13CA34D286FED4500527D1E /* NumberPad.swift */ = {isa = PBXFileReference; lastKnownFileType = sourcecode.swift; path = NumberPad.swift; sourceTree = "<group>"; };
		F13CA34F286FF9F300527D1E /* Color+rgb.swift */ = {isa = PBXFileReference; lastKnownFileType = sourcecode.swift; path = "Color+rgb.swift"; sourceTree = "<group>"; };
		F13CA351286FFDE800527D1E /* Controller+Header.swift */ = {isa = PBXFileReference; lastKnownFileType = sourcecode.swift; path = "Controller+Header.swift"; sourceTree = "<group>"; };
		F13CA35328708D6200527D1E /* HeaderInfo.swift */ = {isa = PBXFileReference; lastKnownFileType = sourcecode.swift; path = HeaderInfo.swift; sourceTree = "<group>"; };
		F13CA3552870904F00527D1E /* Controller+BottomMenu.swift */ = {isa = PBXFileReference; lastKnownFileType = sourcecode.swift; path = "Controller+BottomMenu.swift"; sourceTree = "<group>"; };
		F13CA3582871011C00527D1E /* README.md */ = {isa = PBXFileReference; lastKnownFileType = net.daringfireball.markdown; path = README.md; sourceTree = "<group>"; };
/* End PBXFileReference section */

/* Begin PBXFrameworksBuildPhase section */
		F13CA316286E769E00527D1E /* Frameworks */ = {
			isa = PBXFrameworksBuildPhase;
			buildActionMask = 2147483647;
			files = (
			);
			runOnlyForDeploymentPostprocessing = 0;
		};
/* End PBXFrameworksBuildPhase section */

/* Begin PBXGroup section */
		F13CA310286E769E00527D1E = {
			isa = PBXGroup;
			children = (
				F13CA3582871011C00527D1E /* README.md */,
				F13CA31B286E769E00527D1E /* TapSimpleButton */,
				F13CA31A286E769E00527D1E /* Products */,
			);
			sourceTree = "<group>";
		};
		F13CA31A286E769E00527D1E /* Products */ = {
			isa = PBXGroup;
			children = (
				F13CA319286E769E00527D1E /* TapSimpleButton.app */,
			);
			name = Products;
			sourceTree = "<group>";
		};
		F13CA31B286E769E00527D1E /* TapSimpleButton */ = {
			isa = PBXGroup;
			children = (
				F13CA31C286E769E00527D1E /* TapSimpleButtonApp.swift */,
				F13CA320286E769F00527D1E /* Assets.xcassets */,
				F13CA322286E769F00527D1E /* Preview Content */,
				F13CA32B286FB8E200527D1E /* Router.swift */,
				F13CA32D286FB9E700527D1E /* ScreenType.swift */,
				F13CA32F286FBA1D00527D1E /* ScreenMovable.swift */,
				F13CA331286FBA4900527D1E /* SlideAnimation.swift */,
				F13CA335286FBB6C00527D1E /* FirstScreen.swift */,
				F13CA33D286FBCFF00527D1E /* FirstScreen+Account.swift */,
				F13CA339286FBBEC00527D1E /* SecondScreen.swift */,
				F13CA333286FBB3D00527D1E /* ThirdScreen.swift */,
				F13CA31E286E769E00527D1E /* Controller.swift */,
				F13CA351286FFDE800527D1E /* Controller+Header.swift */,
				F13CA337286FBBB500527D1E /* Controller+NextButton.swift */,
				F13CA343286FD51E00527D1E /* Controller+BackButton.swift */,
				F13CA345286FE69000527D1E /* Controller+RegistButton.swift */,
				F13CA33B286FBC3A00527D1E /* Controller+Navi.swift */,
				F13CA341286FC3E500527D1E /* Controller+Footer.swift */,
				F13CA347286FE70500527D1E /* Controller+nextOrRegistButton.swift */,
				F13CA35328708D6200527D1E /* HeaderInfo.swift */,
				F13CA3552870904F00527D1E /* Controller+BottomMenu.swift */,
				F13CA34F286FF9F300527D1E /* Color+rgb.swift */,
				F13CA34D286FED4500527D1E /* NumberPad.swift */,
				F13CA34B286FED2C00527D1E /* KeyPadButton.swift */,
				F13CA33F286FBFFF00527D1E /* CircleButtonModifier.swift */,
			);
			path = TapSimpleButton;
			sourceTree = "<group>";
		};
		F13CA322286E769F00527D1E /* Preview Content */ = {
			isa = PBXGroup;
			children = (
				F13CA323286E769F00527D1E /* Preview Assets.xcassets */,
			);
			path = "Preview Content";
			sourceTree = "<group>";
		};
/* End PBXGroup section */

/* Begin PBXNativeTarget section */
		F13CA318286E769E00527D1E /* TapSimpleButton */ = {
			isa = PBXNativeTarget;
			buildConfigurationList = F13CA327286E769F00527D1E /* Build configuration list for PBXNativeTarget "TapSimpleButton" */;
			buildPhases = (
				F13CA315286E769E00527D1E /* Sources */,
				F13CA316286E769E00527D1E /* Frameworks */,
				F13CA317286E769E00527D1E /* Resources */,
			);
			buildRules = (
			);
			dependencies = (
			);
			name = TapSimpleButton;
			productName = TapSimpleButton;
			productReference = F13CA319286E769E00527D1E /* TapSimpleButton.app */;
			productType = "com.apple.product-type.application";
		};
/* End PBXNativeTarget section */

/* Begin PBXProject section */
		F13CA311286E769E00527D1E /* Project object */ = {
			isa = PBXProject;
			attributes = {
				BuildIndependentTargetsInParallel = 1;
				LastSwiftUpdateCheck = 1330;
				LastUpgradeCheck = 1330;
				TargetAttributes = {
					F13CA318286E769E00527D1E = {
						CreatedOnToolsVersion = 13.3.1;
					};
				};
			};
			buildConfigurationList = F13CA314286E769E00527D1E /* Build configuration list for PBXProject "TapSimpleButton" */;
			compatibilityVersion = "Xcode 13.0";
			developmentRegion = en;
			hasScannedForEncodings = 0;
			knownRegions = (
				en,
				Base,
			);
			mainGroup = F13CA310286E769E00527D1E;
			productRefGroup = F13CA31A286E769E00527D1E /* Products */;
			projectDirPath = "";
			projectRoot = "";
			targets = (
				F13CA318286E769E00527D1E /* TapSimpleButton */,
			);
		};
/* End PBXProject section */

/* Begin PBXResourcesBuildPhase section */
		F13CA317286E769E00527D1E /* Resources */ = {
			isa = PBXResourcesBuildPhase;
			buildActionMask = 2147483647;
			files = (
				F13CA324286E769F00527D1E /* Preview Assets.xcassets in Resources */,
				F13CA321286E769F00527D1E /* Assets.xcassets in Resources */,
			);
			runOnlyForDeploymentPostprocessing = 0;
		};
/* End PBXResourcesBuildPhase section */

/* Begin PBXSourcesBuildPhase section */
		F13CA315286E769E00527D1E /* Sources */ = {
			isa = PBXSourcesBuildPhase;
			buildActionMask = 2147483647;
			files = (
				F13CA33E286FBCFF00527D1E /* FirstScreen+Account.swift in Sources */,
				F13CA34C286FED2C00527D1E /* KeyPadButton.swift in Sources */,
				F13CA346286FE69000527D1E /* Controller+RegistButton.swift in Sources */,
				F13CA332286FBA4A00527D1E /* SlideAnimation.swift in Sources */,
				F13CA348286FE70500527D1E /* Controller+nextOrRegistButton.swift in Sources */,
				F13CA334286FBB3E00527D1E /* ThirdScreen.swift in Sources */,
				F13CA3562870904F00527D1E /* Controller+BottomMenu.swift in Sources */,
				F13CA31F286E769E00527D1E /* Controller.swift in Sources */,
				F13CA32C286FB8E200527D1E /* Router.swift in Sources */,
				F13CA336286FBB6C00527D1E /* FirstScreen.swift in Sources */,
				F13CA330286FBA1D00527D1E /* ScreenMovable.swift in Sources */,
				F13CA342286FC3E500527D1E /* Controller+Footer.swift in Sources */,
				F13CA33C286FBC3A00527D1E /* Controller+Navi.swift in Sources */,
				F13CA31D286E769E00527D1E /* TapSimpleButtonApp.swift in Sources */,
				F13CA338286FBBB500527D1E /* Controller+NextButton.swift in Sources */,
				F13CA344286FD51E00527D1E /* Controller+BackButton.swift in Sources */,
				F13CA352286FFDE800527D1E /* Controller+Header.swift in Sources */,
				F13CA35428708D6200527D1E /* HeaderInfo.swift in Sources */,
				F13CA350286FF9F300527D1E /* Color+rgb.swift in Sources */,
				F13CA32E286FB9E700527D1E /* ScreenType.swift in Sources */,
				F13CA34E286FED4500527D1E /* NumberPad.swift in Sources */,
				F13CA33A286FBBEC00527D1E /* SecondScreen.swift in Sources */,
				F13CA340286FBFFF00527D1E /* CircleButtonModifier.swift in Sources */,
			);
			runOnlyForDeploymentPostprocessing = 0;
		};
/* End PBXSourcesBuildPhase section */

/* Begin XCBuildConfiguration section */
		F13CA325286E769F00527D1E /* Debug */ = {
			isa = XCBuildConfiguration;
			buildSettings = {
				ALWAYS_SEARCH_USER_PATHS = NO;
				CLANG_ANALYZER_NONNULL = YES;
				CLANG_ANALYZER_NUMBER_OBJECT_CONVERSION = YES_AGGRESSIVE;
				CLANG_CXX_LANGUAGE_STANDARD = "gnu++17";
				CLANG_ENABLE_MODULES = YES;
				CLANG_ENABLE_OBJC_ARC = YES;
				CLANG_ENABLE_OBJC_WEAK = YES;
				CLANG_WARN_BLOCK_CAPTURE_AUTORELEASING = YES;
				CLANG_WARN_BOOL_CONVERSION = YES;
				CLANG_WARN_COMMA = YES;
				CLANG_WARN_CONSTANT_CONVERSION = YES;
				CLANG_WARN_DEPRECATED_OBJC_IMPLEMENTATIONS = YES;
				CLANG_WARN_DIRECT_OBJC_ISA_USAGE = YES_ERROR;
				CLANG_WARN_DOCUMENTATION_COMMENTS = YES;
				CLANG_WARN_EMPTY_BODY = YES;
				CLANG_WARN_ENUM_CONVERSION = YES;
				CLANG_WARN_INFINITE_RECURSION = YES;
				CLANG_WARN_INT_CONVERSION = YES;
				CLANG_WARN_NON_LITERAL_NULL_CONVERSION = YES;
				CLANG_WARN_OBJC_IMPLICIT_RETAIN_SELF = YES;
				CLANG_WARN_OBJC_LITERAL_CONVERSION = YES;
				CLANG_WARN_OBJC_ROOT_CLASS = YES_ERROR;
				CLANG_WARN_QUOTED_INCLUDE_IN_FRAMEWORK_HEADER = YES;
				CLANG_WARN_RANGE_LOOP_ANALYSIS = YES;
				CLANG_WARN_STRICT_PROTOTYPES = YES;
				CLANG_WARN_SUSPICIOUS_MOVE = YES;
				CLANG_WARN_UNGUARDED_AVAILABILITY = YES_AGGRESSIVE;
				CLANG_WARN_UNREACHABLE_CODE = YES;
				CLANG_WARN__DUPLICATE_METHOD_MATCH = YES;
				COPY_PHASE_STRIP = NO;
				DEBUG_INFORMATION_FORMAT = dwarf;
				ENABLE_STRICT_OBJC_MSGSEND = YES;
				ENABLE_TESTABILITY = YES;
				GCC_C_LANGUAGE_STANDARD = gnu11;
				GCC_DYNAMIC_NO_PIC = NO;
				GCC_NO_COMMON_BLOCKS = YES;
				GCC_OPTIMIZATION_LEVEL = 0;
				GCC_PREPROCESSOR_DEFINITIONS = (
					"DEBUG=1",
					"$(inherited)",
				);
				GCC_WARN_64_TO_32_BIT_CONVERSION = YES;
				GCC_WARN_ABOUT_RETURN_TYPE = YES_ERROR;
				GCC_WARN_UNDECLARED_SELECTOR = YES;
				GCC_WARN_UNINITIALIZED_AUTOS = YES_AGGRESSIVE;
				GCC_WARN_UNUSED_FUNCTION = YES;
				GCC_WARN_UNUSED_VARIABLE = YES;
				IPHONEOS_DEPLOYMENT_TARGET = 15.2;
				MTL_ENABLE_DEBUG_INFO = INCLUDE_SOURCE;
				MTL_FAST_MATH = YES;
				ONLY_ACTIVE_ARCH = YES;
				SDKROOT = iphoneos;
				SWIFT_ACTIVE_COMPILATION_CONDITIONS = DEBUG;
				SWIFT_OPTIMIZATION_LEVEL = "-Onone";
			};
			name = Debug;
		};
		F13CA326286E769F00527D1E /* Release */ = {
			isa = XCBuildConfiguration;
			buildSettings = {
				ALWAYS_SEARCH_USER_PATHS = NO;
				CLANG_ANALYZER_NONNULL = YES;
				CLANG_ANALYZER_NUMBER_OBJECT_CONVERSION = YES_AGGRESSIVE;
				CLANG_CXX_LANGUAGE_STANDARD = "gnu++17";
				CLANG_ENABLE_MODULES = YES;
				CLANG_ENABLE_OBJC_ARC = YES;
				CLANG_ENABLE_OBJC_WEAK = YES;
				CLANG_WARN_BLOCK_CAPTURE_AUTORELEASING = YES;
				CLANG_WARN_BOOL_CONVERSION = YES;
				CLANG_WARN_COMMA = YES;
				CLANG_WARN_CONSTANT_CONVERSION = YES;
				CLANG_WARN_DEPRECATED_OBJC_IMPLEMENTATIONS = YES;
				CLANG_WARN_DIRECT_OBJC_ISA_USAGE = YES_ERROR;
				CLANG_WARN_DOCUMENTATION_COMMENTS = YES;
				CLANG_WARN_EMPTY_BODY = YES;
				CLANG_WARN_ENUM_CONVERSION = YES;
				CLANG_WARN_INFINITE_RECURSION = YES;
				CLANG_WARN_INT_CONVERSION = YES;
				CLANG_WARN_NON_LITERAL_NULL_CONVERSION = YES;
				CLANG_WARN_OBJC_IMPLICIT_RETAIN_SELF = YES;
				CLANG_WARN_OBJC_LITERAL_CONVERSION = YES;
				CLANG_WARN_OBJC_ROOT_CLASS = YES_ERROR;
				CLANG_WARN_QUOTED_INCLUDE_IN_FRAMEWORK_HEADER = YES;
				CLANG_WARN_RANGE_LOOP_ANALYSIS = YES;
				CLANG_WARN_STRICT_PROTOTYPES = YES;
				CLANG_WARN_SUSPICIOUS_MOVE = YES;
				CLANG_WARN_UNGUARDED_AVAILABILITY = YES_AGGRESSIVE;
				CLANG_WARN_UNREACHABLE_CODE = YES;
				CLANG_WARN__DUPLICATE_METHOD_MATCH = YES;
				COPY_PHASE_STRIP = NO;
				DEBUG_INFORMATION_FORMAT = "dwarf-with-dsym";
				ENABLE_NS_ASSERTIONS = NO;
				ENABLE_STRICT_OBJC_MSGSEND = YES;
				GCC_C_LANGUAGE_STANDARD = gnu11;
				GCC_NO_COMMON_BLOCKS = YES;
				GCC_WARN_64_TO_32_BIT_CONVERSION = YES;
				GCC_WARN_ABOUT_RETURN_TYPE = YES_ERROR;
				GCC_WARN_UNDECLARED_SELECTOR = YES;
				GCC_WARN_UNINITIALIZED_AUTOS = YES_AGGRESSIVE;
				GCC_WARN_UNUSED_FUNCTION = YES;
				GCC_WARN_UNUSED_VARIABLE = YES;
				IPHONEOS_DEPLOYMENT_TARGET = 15.2;
				MTL_ENABLE_DEBUG_INFO = NO;
				MTL_FAST_MATH = YES;
				SDKROOT = iphoneos;
				SWIFT_COMPILATION_MODE = wholemodule;
				SWIFT_OPTIMIZATION_LEVEL = "-O";
				VALIDATE_PRODUCT = YES;
			};
			name = Release;
		};
		F13CA328286E769F00527D1E /* Debug */ = {
			isa = XCBuildConfiguration;
			buildSettings = {
				ASSETCATALOG_COMPILER_APPICON_NAME = AppIcon;
				ASSETCATALOG_COMPILER_GLOBAL_ACCENT_COLOR_NAME = AccentColor;
				CODE_SIGN_IDENTITY = "Apple Development";
				CODE_SIGN_STYLE = Automatic;
				CURRENT_PROJECT_VERSION = 1;
				DEVELOPMENT_ASSET_PATHS = "\"TapSimpleButton/Preview Content\"";
				DEVELOPMENT_TEAM = CNWDNX3S69;
				ENABLE_PREVIEWS = YES;
				GENERATE_INFOPLIST_FILE = YES;
				INFOPLIST_KEY_UIApplicationSceneManifest_Generation = YES;
				INFOPLIST_KEY_UIApplicationSupportsIndirectInputEvents = YES;
				INFOPLIST_KEY_UILaunchScreen_Generation = YES;
				INFOPLIST_KEY_UISupportedInterfaceOrientations_iPad = "UIInterfaceOrientationPortrait UIInterfaceOrientationPortraitUpsideDown UIInterfaceOrientationLandscapeLeft UIInterfaceOrientationLandscapeRight";
				INFOPLIST_KEY_UISupportedInterfaceOrientations_iPhone = "UIInterfaceOrientationPortrait UIInterfaceOrientationLandscapeLeft UIInterfaceOrientationLandscapeRight";
				INFOPLIST_KEY_UIUserInterfaceStyle = Light;
				LD_RUNPATH_SEARCH_PATHS = (
					"$(inherited)",
					"@executable_path/Frameworks",
				);
				MARKETING_VERSION = 1.0;
				PRODUCT_BUNDLE_IDENTIFIER = com.yusuke.arai.TapSimpleButton;
				PRODUCT_NAME = "$(TARGET_NAME)";
				PROVISIONING_PROFILE_SPECIFIER = "";
				SWIFT_EMIT_LOC_STRINGS = YES;
				SWIFT_VERSION = 5.0;
				TARGETED_DEVICE_FAMILY = "1,2";
			};
			name = Debug;
		};
		F13CA329286E769F00527D1E /* Release */ = {
			isa = XCBuildConfiguration;
			buildSettings = {
				ASSETCATALOG_COMPILER_APPICON_NAME = AppIcon;
				ASSETCATALOG_COMPILER_GLOBAL_ACCENT_COLOR_NAME = AccentColor;
				CODE_SIGN_IDENTITY = "Apple Development";
				CODE_SIGN_STYLE = Automatic;
				CURRENT_PROJECT_VERSION = 1;
				DEVELOPMENT_ASSET_PATHS = "\"TapSimpleButton/Preview Content\"";
				DEVELOPMENT_TEAM = CNWDNX3S69;
				ENABLE_PREVIEWS = YES;
				GENERATE_INFOPLIST_FILE = YES;
				INFOPLIST_KEY_UIApplicationSceneManifest_Generation = YES;
				INFOPLIST_KEY_UIApplicationSupportsIndirectInputEvents = YES;
				INFOPLIST_KEY_UILaunchScreen_Generation = YES;
				INFOPLIST_KEY_UISupportedInterfaceOrientations_iPad = "UIInterfaceOrientationPortrait UIInterfaceOrientationPortraitUpsideDown UIInterfaceOrientationLandscapeLeft UIInterfaceOrientationLandscapeRight";
				INFOPLIST_KEY_UISupportedInterfaceOrientations_iPhone = "UIInterfaceOrientationPortrait UIInterfaceOrientationLandscapeLeft UIInterfaceOrientationLandscapeRight";
				INFOPLIST_KEY_UIUserInterfaceStyle = Light;
				LD_RUNPATH_SEARCH_PATHS = (
					"$(inherited)",
					"@executable_path/Frameworks",
				);
				MARKETING_VERSION = 1.0;
				PRODUCT_BUNDLE_IDENTIFIER = com.yusuke.arai.TapSimpleButton;
				PRODUCT_NAME = "$(TARGET_NAME)";
				PROVISIONING_PROFILE_SPECIFIER = "";
				SWIFT_EMIT_LOC_STRINGS = YES;
				SWIFT_VERSION = 5.0;
				TARGETED_DEVICE_FAMILY = "1,2";
			};
			name = Release;
		};
/* End XCBuildConfiguration section */

/* Begin XCConfigurationList section */
		F13CA314286E769E00527D1E /* Build configuration list for PBXProject "TapSimpleButton" */ = {
			isa = XCConfigurationList;
			buildConfigurations = (
				F13CA325286E769F00527D1E /* Debug */,
				F13CA326286E769F00527D1E /* Release */,
			);
			defaultConfigurationIsVisible = 0;
			defaultConfigurationName = Release;
		};
		F13CA327286E769F00527D1E /* Build configuration list for PBXNativeTarget "TapSimpleButton" */ = {
			isa = XCConfigurationList;
			buildConfigurations = (
				F13CA328286E769F00527D1E /* Debug */,
				F13CA329286E769F00527D1E /* Release */,
			);
			defaultConfigurationIsVisible = 0;
			defaultConfigurationName = Release;
		};
/* End XCConfigurationList section */
	};
	rootObject = F13CA311286E769E00527D1E /* Project object */;
}
