// !$*UTF8*$!
{
	archiveVersion = 1;
	classes = {
	};
	objectVersion = 55;
	objects = {

/* Begin PBXBuildFile section */
		F13C7F3B28717F6500973687 /* BottomMenuType.swift in Sources */ = {isa = PBXBuildFile; fileRef = F13C7F3A28717F6500973687 /* BottomMenuType.swift */; };
		F13C7F3D2871868800973687 /* View+onButtonTap.swift in Sources */ = {isa = PBXBuildFile; fileRef = F13C7F3C2871868800973687 /* View+onButtonTap.swift */; };
		F13C7F5228724BF000973687 /* SettingScreen.swift in Sources */ = {isa = PBXBuildFile; fileRef = F13C7F5128724BF000973687 /* SettingScreen.swift */; };
		F13C7F552872592000973687 /* ListScreen.swift in Sources */ = {isa = PBXBuildFile; fileRef = F13C7F542872592000973687 /* ListScreen.swift */; };
		F13C7F572872852F00973687 /* ListScreen+Sort.swift in Sources */ = {isa = PBXBuildFile; fileRef = F13C7F562872852F00973687 /* ListScreen+Sort.swift */; };
		F13C7F5E2872B58800973687 /* StatusCode.swift in Sources */ = {isa = PBXBuildFile; fileRef = F13C7F5D2872B58800973687 /* StatusCode.swift */; };
		F13C7F602872B5B100973687 /* APIAgentProtocol.swift in Sources */ = {isa = PBXBuildFile; fileRef = F13C7F5F2872B5B100973687 /* APIAgentProtocol.swift */; };
		F13C7F622872B66600973687 /* Configuration.swift in Sources */ = {isa = PBXBuildFile; fileRef = F13C7F612872B66600973687 /* Configuration.swift */; };
		F13C7F642872B67E00973687 /* Mockable.swift in Sources */ = {isa = PBXBuildFile; fileRef = F13C7F632872B67E00973687 /* Mockable.swift */; };
		F13C7F662872B69500973687 /* AgentFactory.swift in Sources */ = {isa = PBXBuildFile; fileRef = F13C7F652872B69500973687 /* AgentFactory.swift */; };
		F13C7F682872B6BF00973687 /* APIAgent.swift in Sources */ = {isa = PBXBuildFile; fileRef = F13C7F672872B6BF00973687 /* APIAgent.swift */; };
		F13C7F6A2872B6EE00973687 /* APIError.swift in Sources */ = {isa = PBXBuildFile; fileRef = F13C7F692872B6EE00973687 /* APIError.swift */; };
		F13C7F6C2872B70D00973687 /* URLRequest+Ext.swift in Sources */ = {isa = PBXBuildFile; fileRef = F13C7F6B2872B70D00973687 /* URLRequest+Ext.swift */; };
		F13C7F6E2872B73600973687 /* HTTPMethodEnum.swift in Sources */ = {isa = PBXBuildFile; fileRef = F13C7F6D2872B73600973687 /* HTTPMethodEnum.swift */; };
		F13C7F702872B75100973687 /* ResponseResultError.swift in Sources */ = {isa = PBXBuildFile; fileRef = F13C7F6F2872B75100973687 /* ResponseResultError.swift */; };
		F13C7F722872B76F00973687 /* ApiEndPoint.swift in Sources */ = {isa = PBXBuildFile; fileRef = F13C7F712872B76F00973687 /* ApiEndPoint.swift */; };
		F13C7F742872B78900973687 /* RequestParameter.swift in Sources */ = {isa = PBXBuildFile; fileRef = F13C7F732872B78900973687 /* RequestParameter.swift */; };
		F13C7F762872B7A900973687 /* Token.swift in Sources */ = {isa = PBXBuildFile; fileRef = F13C7F752872B7A900973687 /* Token.swift */; };
		F13C7F782872B7D000973687 /* JsonEncodeSnakeCase.swift in Sources */ = {isa = PBXBuildFile; fileRef = F13C7F772872B7D000973687 /* JsonEncodeSnakeCase.swift */; };
		F13C7F7A2872B81400973687 /* EndPoint.swift in Sources */ = {isa = PBXBuildFile; fileRef = F13C7F792872B81400973687 /* EndPoint.swift */; };
		F13C7F7C2872B87B00973687 /* SuppliersAPI.swift in Sources */ = {isa = PBXBuildFile; fileRef = F13C7F7B2872B87B00973687 /* SuppliersAPI.swift */; };
		F13C7F802872B8E100973687 /* Suppliers.swift in Sources */ = {isa = PBXBuildFile; fileRef = F13C7F7F2872B8E100973687 /* Suppliers.swift */; };
		F13C7F842872D55A00973687 /* DescriptionsAPI.swift in Sources */ = {isa = PBXBuildFile; fileRef = F13C7F832872D55A00973687 /* DescriptionsAPI.swift */; };
		F13C7F862872D58600973687 /* Description.swift in Sources */ = {isa = PBXBuildFile; fileRef = F13C7F852872D58600973687 /* Description.swift */; };
		F13C7F892872DB5D00973687 /* TransactionsAPI.swift in Sources */ = {isa = PBXBuildFile; fileRef = F13C7F882872DB5D00973687 /* TransactionsAPI.swift */; };
		F13C7F8B2872DB8B00973687 /* Transaction.swift in Sources */ = {isa = PBXBuildFile; fileRef = F13C7F8A2872DB8B00973687 /* Transaction.swift */; };
		F13C7F8E2873A12300973687 /* AppState.swift in Sources */ = {isa = PBXBuildFile; fileRef = F13C7F8D2873A12300973687 /* AppState.swift */; };
		F13C7F902873ADCD00973687 /* DIContainer.swift in Sources */ = {isa = PBXBuildFile; fileRef = F13C7F8F2873ADCD00973687 /* DIContainer.swift */; };
		F13C7F922873AF0C00973687 /* AppEnvironment.swift in Sources */ = {isa = PBXBuildFile; fileRef = F13C7F912873AF0C00973687 /* AppEnvironment.swift */; };
		F13C7F942873CA8400973687 /* ListScreen+ViewModel.swift in Sources */ = {isa = PBXBuildFile; fileRef = F13C7F932873CA8400973687 /* ListScreen+ViewModel.swift */; };
		F13C7F962873D14A00973687 /* Loadable.swift in Sources */ = {isa = PBXBuildFile; fileRef = F13C7F952873D14A00973687 /* Loadable.swift */; };
		F13C7F9928740C5000973687 /* BottomSheet.swift in Sources */ = {isa = PBXBuildFile; fileRef = F13C7F9828740C5000973687 /* BottomSheet.swift */; };
		F13C7F9B287514D200973687 /* Header.swift in Sources */ = {isa = PBXBuildFile; fileRef = F13C7F9A287514D200973687 /* Header.swift */; };
		F13C7F9E2875173E00973687 /* Controller+ViewModel.swift in Sources */ = {isa = PBXBuildFile; fileRef = F13C7F9D2875173E00973687 /* Controller+ViewModel.swift */; };
		F13CA31D286E769E00527D1E /* TapSimpleButtonApp.swift in Sources */ = {isa = PBXBuildFile; fileRef = F13CA31C286E769E00527D1E /* TapSimpleButtonApp.swift */; };
		F13CA31F286E769E00527D1E /* Controller.swift in Sources */ = {isa = PBXBuildFile; fileRef = F13CA31E286E769E00527D1E /* Controller.swift */; };
		F13CA321286E769F00527D1E /* Assets.xcassets in Resources */ = {isa = PBXBuildFile; fileRef = F13CA320286E769F00527D1E /* Assets.xcassets */; };
		F13CA324286E769F00527D1E /* Preview Assets.xcassets in Resources */ = {isa = PBXBuildFile; fileRef = F13CA323286E769F00527D1E /* Preview Assets.xcassets */; };
		F13CA32C286FB8E200527D1E /* Router.swift in Sources */ = {isa = PBXBuildFile; fileRef = F13CA32B286FB8E200527D1E /* Router.swift */; };
		F13CA32E286FB9E700527D1E /* ScreenType.swift in Sources */ = {isa = PBXBuildFile; fileRef = F13CA32D286FB9E700527D1E /* ScreenType.swift */; };
		F13CA330286FBA1D00527D1E /* ScreenMovable.swift in Sources */ = {isa = PBXBuildFile; fileRef = F13CA32F286FBA1D00527D1E /* ScreenMovable.swift */; };
		F13CA332286FBA4A00527D1E /* SlideAnimation.swift in Sources */ = {isa = PBXBuildFile; fileRef = F13CA331286FBA4900527D1E /* SlideAnimation.swift */; };
		F13CA334286FBB3E00527D1E /* ThirdScreen.swift in Sources */ = {isa = PBXBuildFile; fileRef = F13CA333286FBB3D00527D1E /* ThirdScreen.swift */; };
		F13CA336286FBB6C00527D1E /* FirstScreen.swift in Sources */ = {isa = PBXBuildFile; fileRef = F13CA335286FBB6C00527D1E /* FirstScreen.swift */; };
		F13CA338286FBBB500527D1E /* Controller+NextButton.swift in Sources */ = {isa = PBXBuildFile; fileRef = F13CA337286FBBB500527D1E /* Controller+NextButton.swift */; };
		F13CA33A286FBBEC00527D1E /* SecondScreen.swift in Sources */ = {isa = PBXBuildFile; fileRef = F13CA339286FBBEC00527D1E /* SecondScreen.swift */; };
		F13CA33C286FBC3A00527D1E /* Controller+Navi.swift in Sources */ = {isa = PBXBuildFile; fileRef = F13CA33B286FBC3A00527D1E /* Controller+Navi.swift */; };
		F13CA33E286FBCFF00527D1E /* FirstScreen+Account.swift in Sources */ = {isa = PBXBuildFile; fileRef = F13CA33D286FBCFF00527D1E /* FirstScreen+Account.swift */; };
		F13CA340286FBFFF00527D1E /* CircleButtonModifier.swift in Sources */ = {isa = PBXBuildFile; fileRef = F13CA33F286FBFFF00527D1E /* CircleButtonModifier.swift */; };
		F13CA342286FC3E500527D1E /* Controller+Footer.swift in Sources */ = {isa = PBXBuildFile; fileRef = F13CA341286FC3E500527D1E /* Controller+Footer.swift */; };
		F13CA344286FD51E00527D1E /* Controller+BackButton.swift in Sources */ = {isa = PBXBuildFile; fileRef = F13CA343286FD51E00527D1E /* Controller+BackButton.swift */; };
		F13CA346286FE69000527D1E /* Controller+RegistButton.swift in Sources */ = {isa = PBXBuildFile; fileRef = F13CA345286FE69000527D1E /* Controller+RegistButton.swift */; };
		F13CA348286FE70500527D1E /* Controller+nextOrRegistButton.swift in Sources */ = {isa = PBXBuildFile; fileRef = F13CA347286FE70500527D1E /* Controller+nextOrRegistButton.swift */; };
		F13CA34C286FED2C00527D1E /* KeyPadButton.swift in Sources */ = {isa = PBXBuildFile; fileRef = F13CA34B286FED2C00527D1E /* KeyPadButton.swift */; };
		F13CA34E286FED4500527D1E /* NumberPad.swift in Sources */ = {isa = PBXBuildFile; fileRef = F13CA34D286FED4500527D1E /* NumberPad.swift */; };
		F13CA350286FF9F300527D1E /* Color+rgb.swift in Sources */ = {isa = PBXBuildFile; fileRef = F13CA34F286FF9F300527D1E /* Color+rgb.swift */; };
		F13CA352286FFDE800527D1E /* Controller+Header.swift in Sources */ = {isa = PBXBuildFile; fileRef = F13CA351286FFDE800527D1E /* Controller+Header.swift */; };
		F13CA3562870904F00527D1E /* Controller+BottomMenu.swift in Sources */ = {isa = PBXBuildFile; fileRef = F13CA3552870904F00527D1E /* Controller+BottomMenu.swift */; };
		F13CA35A2871050200527D1E /* View+backgroundCircle.swift in Sources */ = {isa = PBXBuildFile; fileRef = F13CA3592871050200527D1E /* View+backgroundCircle.swift */; };
		F13CA35C2871057500527D1E /* View+setTransAnimation.swift in Sources */ = {isa = PBXBuildFile; fileRef = F13CA35B2871057500527D1E /* View+setTransAnimation.swift */; };
		F13CA35E28710ED000527D1E /* FirstScreen+income.swift in Sources */ = {isa = PBXBuildFile; fileRef = F13CA35D28710ED000527D1E /* FirstScreen+income.swift */; };
		F13CA36028710F1200527D1E /* FirstScreen+spending.swift in Sources */ = {isa = PBXBuildFile; fileRef = F13CA35F28710F1200527D1E /* FirstScreen+spending.swift */; };
		F13CA36D2871125100527D1E /* README.md in Resources */ = {isa = PBXBuildFile; fileRef = F13CA3622871125100527D1E /* README.md */; };
		F13CA36E2871125100527D1E /* Roboto-Medium.ttf in Resources */ = {isa = PBXBuildFile; fileRef = F13CA3642871125100527D1E /* Roboto-Medium.ttf */; };
		F13CA36F2871125100527D1E /* Roboto-Light.ttf in Resources */ = {isa = PBXBuildFile; fileRef = F13CA3652871125100527D1E /* Roboto-Light.ttf */; };
		F13CA3702871125100527D1E /* Roboto-Regular.ttf in Resources */ = {isa = PBXBuildFile; fileRef = F13CA3662871125100527D1E /* Roboto-Regular.ttf */; };
		F13CA3712871125100527D1E /* LICENSE.txt in Resources */ = {isa = PBXBuildFile; fileRef = F13CA3672871125100527D1E /* LICENSE.txt */; };
		F13CA3722871125100527D1E /* Roboto-Bold.ttf in Resources */ = {isa = PBXBuildFile; fileRef = F13CA3682871125100527D1E /* Roboto-Bold.ttf */; };
		F13CA3732871125100527D1E /* NotoSansJP-Medium.otf in Resources */ = {isa = PBXBuildFile; fileRef = F13CA36A2871125100527D1E /* NotoSansJP-Medium.otf */; };
		F13CA3742871125100527D1E /* NotoSansJP-Bold.otf in Resources */ = {isa = PBXBuildFile; fileRef = F13CA36B2871125100527D1E /* NotoSansJP-Bold.otf */; };
		F13CA3752871125100527D1E /* OFL.txt in Resources */ = {isa = PBXBuildFile; fileRef = F13CA36C2871125100527D1E /* OFL.txt */; };
		F13CA3772871133100527D1E /* Text+Font.swift in Sources */ = {isa = PBXBuildFile; fileRef = F13CA3762871133100527D1E /* Text+Font.swift */; };
/* End PBXBuildFile section */

/* Begin PBXFileReference section */
		F13C7F3A28717F6500973687 /* BottomMenuType.swift */ = {isa = PBXFileReference; lastKnownFileType = sourcecode.swift; path = BottomMenuType.swift; sourceTree = "<group>"; };
		F13C7F3C2871868800973687 /* View+onButtonTap.swift */ = {isa = PBXFileReference; lastKnownFileType = sourcecode.swift; path = "View+onButtonTap.swift"; sourceTree = "<group>"; };
		F13C7F5128724BF000973687 /* SettingScreen.swift */ = {isa = PBXFileReference; lastKnownFileType = sourcecode.swift; path = SettingScreen.swift; sourceTree = "<group>"; };
		F13C7F542872592000973687 /* ListScreen.swift */ = {isa = PBXFileReference; lastKnownFileType = sourcecode.swift; path = ListScreen.swift; sourceTree = "<group>"; };
		F13C7F562872852F00973687 /* ListScreen+Sort.swift */ = {isa = PBXFileReference; lastKnownFileType = sourcecode.swift; path = "ListScreen+Sort.swift"; sourceTree = "<group>"; };
		F13C7F5D2872B58800973687 /* StatusCode.swift */ = {isa = PBXFileReference; lastKnownFileType = sourcecode.swift; path = StatusCode.swift; sourceTree = "<group>"; };
		F13C7F5F2872B5B100973687 /* APIAgentProtocol.swift */ = {isa = PBXFileReference; lastKnownFileType = sourcecode.swift; path = APIAgentProtocol.swift; sourceTree = "<group>"; };
		F13C7F612872B66600973687 /* Configuration.swift */ = {isa = PBXFileReference; lastKnownFileType = sourcecode.swift; path = Configuration.swift; sourceTree = "<group>"; };
		F13C7F632872B67E00973687 /* Mockable.swift */ = {isa = PBXFileReference; lastKnownFileType = sourcecode.swift; path = Mockable.swift; sourceTree = "<group>"; };
		F13C7F652872B69500973687 /* AgentFactory.swift */ = {isa = PBXFileReference; lastKnownFileType = sourcecode.swift; path = AgentFactory.swift; sourceTree = "<group>"; };
		F13C7F672872B6BF00973687 /* APIAgent.swift */ = {isa = PBXFileReference; lastKnownFileType = sourcecode.swift; path = APIAgent.swift; sourceTree = "<group>"; };
		F13C7F692872B6EE00973687 /* APIError.swift */ = {isa = PBXFileReference; lastKnownFileType = sourcecode.swift; path = APIError.swift; sourceTree = "<group>"; };
		F13C7F6B2872B70D00973687 /* URLRequest+Ext.swift */ = {isa = PBXFileReference; lastKnownFileType = sourcecode.swift; path = "URLRequest+Ext.swift"; sourceTree = "<group>"; };
		F13C7F6D2872B73600973687 /* HTTPMethodEnum.swift */ = {isa = PBXFileReference; lastKnownFileType = sourcecode.swift; path = HTTPMethodEnum.swift; sourceTree = "<group>"; };
		F13C7F6F2872B75100973687 /* ResponseResultError.swift */ = {isa = PBXFileReference; lastKnownFileType = sourcecode.swift; path = ResponseResultError.swift; sourceTree = "<group>"; };
		F13C7F712872B76F00973687 /* ApiEndPoint.swift */ = {isa = PBXFileReference; lastKnownFileType = sourcecode.swift; path = ApiEndPoint.swift; sourceTree = "<group>"; };
		F13C7F732872B78900973687 /* RequestParameter.swift */ = {isa = PBXFileReference; lastKnownFileType = sourcecode.swift; path = RequestParameter.swift; sourceTree = "<group>"; };
		F13C7F752872B7A900973687 /* Token.swift */ = {isa = PBXFileReference; lastKnownFileType = sourcecode.swift; path = Token.swift; sourceTree = "<group>"; };
		F13C7F772872B7D000973687 /* JsonEncodeSnakeCase.swift */ = {isa = PBXFileReference; lastKnownFileType = sourcecode.swift; path = JsonEncodeSnakeCase.swift; sourceTree = "<group>"; };
		F13C7F792872B81400973687 /* EndPoint.swift */ = {isa = PBXFileReference; lastKnownFileType = sourcecode.swift; path = EndPoint.swift; sourceTree = "<group>"; };
		F13C7F7B2872B87B00973687 /* SuppliersAPI.swift */ = {isa = PBXFileReference; lastKnownFileType = sourcecode.swift; path = SuppliersAPI.swift; sourceTree = "<group>"; };
		F13C7F7F2872B8E100973687 /* Suppliers.swift */ = {isa = PBXFileReference; lastKnownFileType = sourcecode.swift; path = Suppliers.swift; sourceTree = "<group>"; };
		F13C7F832872D55A00973687 /* DescriptionsAPI.swift */ = {isa = PBXFileReference; lastKnownFileType = sourcecode.swift; path = DescriptionsAPI.swift; sourceTree = "<group>"; };
		F13C7F852872D58600973687 /* Description.swift */ = {isa = PBXFileReference; lastKnownFileType = sourcecode.swift; path = Description.swift; sourceTree = "<group>"; };
		F13C7F882872DB5D00973687 /* TransactionsAPI.swift */ = {isa = PBXFileReference; lastKnownFileType = sourcecode.swift; path = TransactionsAPI.swift; sourceTree = "<group>"; };
		F13C7F8A2872DB8B00973687 /* Transaction.swift */ = {isa = PBXFileReference; lastKnownFileType = sourcecode.swift; path = Transaction.swift; sourceTree = "<group>"; };
		F13C7F8D2873A12300973687 /* AppState.swift */ = {isa = PBXFileReference; lastKnownFileType = sourcecode.swift; path = AppState.swift; sourceTree = "<group>"; };
		F13C7F8F2873ADCD00973687 /* DIContainer.swift */ = {isa = PBXFileReference; lastKnownFileType = sourcecode.swift; path = DIContainer.swift; sourceTree = "<group>"; };
		F13C7F912873AF0C00973687 /* AppEnvironment.swift */ = {isa = PBXFileReference; lastKnownFileType = sourcecode.swift; path = AppEnvironment.swift; sourceTree = "<group>"; };
		F13C7F932873CA8400973687 /* ListScreen+ViewModel.swift */ = {isa = PBXFileReference; lastKnownFileType = sourcecode.swift; path = "ListScreen+ViewModel.swift"; sourceTree = "<group>"; };
		F13C7F952873D14A00973687 /* Loadable.swift */ = {isa = PBXFileReference; lastKnownFileType = sourcecode.swift; path = Loadable.swift; sourceTree = "<group>"; };
		F13C7F9828740C5000973687 /* BottomSheet.swift */ = {isa = PBXFileReference; lastKnownFileType = sourcecode.swift; path = BottomSheet.swift; sourceTree = "<group>"; };
		F13C7F9A287514D200973687 /* Header.swift */ = {isa = PBXFileReference; fileEncoding = 4; lastKnownFileType = sourcecode.swift; path = Header.swift; sourceTree = "<group>"; };
		F13C7F9D2875173E00973687 /* Controller+ViewModel.swift */ = {isa = PBXFileReference; lastKnownFileType = sourcecode.swift; path = "Controller+ViewModel.swift"; sourceTree = "<group>"; };
		F13CA319286E769E00527D1E /* TapSimpleButton.app */ = {isa = PBXFileReference; explicitFileType = wrapper.application; includeInIndex = 0; path = TapSimpleButton.app; sourceTree = BUILT_PRODUCTS_DIR; };
		F13CA31C286E769E00527D1E /* TapSimpleButtonApp.swift */ = {isa = PBXFileReference; lastKnownFileType = sourcecode.swift; path = TapSimpleButtonApp.swift; sourceTree = "<group>"; };
		F13CA31E286E769E00527D1E /* Controller.swift */ = {isa = PBXFileReference; lastKnownFileType = sourcecode.swift; path = Controller.swift; sourceTree = "<group>"; };
		F13CA320286E769F00527D1E /* Assets.xcassets */ = {isa = PBXFileReference; lastKnownFileType = folder.assetcatalog; path = Assets.xcassets; sourceTree = "<group>"; };
		F13CA323286E769F00527D1E /* Preview Assets.xcassets */ = {isa = PBXFileReference; lastKnownFileType = folder.assetcatalog; path = "Preview Assets.xcassets"; sourceTree = "<group>"; };
		F13CA32B286FB8E200527D1E /* Router.swift */ = {isa = PBXFileReference; lastKnownFileType = sourcecode.swift; path = Router.swift; sourceTree = "<group>"; };
		F13CA32D286FB9E700527D1E /* ScreenType.swift */ = {isa = PBXFileReference; lastKnownFileType = sourcecode.swift; path = ScreenType.swift; sourceTree = "<group>"; };
		F13CA32F286FBA1D00527D1E /* ScreenMovable.swift */ = {isa = PBXFileReference; lastKnownFileType = sourcecode.swift; path = ScreenMovable.swift; sourceTree = "<group>"; };
		F13CA331286FBA4900527D1E /* SlideAnimation.swift */ = {isa = PBXFileReference; lastKnownFileType = sourcecode.swift; path = SlideAnimation.swift; sourceTree = "<group>"; };
		F13CA333286FBB3D00527D1E /* ThirdScreen.swift */ = {isa = PBXFileReference; lastKnownFileType = sourcecode.swift; path = ThirdScreen.swift; sourceTree = "<group>"; };
		F13CA335286FBB6C00527D1E /* FirstScreen.swift */ = {isa = PBXFileReference; lastKnownFileType = sourcecode.swift; path = FirstScreen.swift; sourceTree = "<group>"; };
		F13CA337286FBBB500527D1E /* Controller+NextButton.swift */ = {isa = PBXFileReference; lastKnownFileType = sourcecode.swift; path = "Controller+NextButton.swift"; sourceTree = "<group>"; };
		F13CA339286FBBEC00527D1E /* SecondScreen.swift */ = {isa = PBXFileReference; lastKnownFileType = sourcecode.swift; path = SecondScreen.swift; sourceTree = "<group>"; };
		F13CA33B286FBC3A00527D1E /* Controller+Navi.swift */ = {isa = PBXFileReference; lastKnownFileType = sourcecode.swift; path = "Controller+Navi.swift"; sourceTree = "<group>"; };
		F13CA33D286FBCFF00527D1E /* FirstScreen+Account.swift */ = {isa = PBXFileReference; lastKnownFileType = sourcecode.swift; path = "FirstScreen+Account.swift"; sourceTree = "<group>"; };
		F13CA33F286FBFFF00527D1E /* CircleButtonModifier.swift */ = {isa = PBXFileReference; lastKnownFileType = sourcecode.swift; path = CircleButtonModifier.swift; sourceTree = "<group>"; };
		F13CA341286FC3E500527D1E /* Controller+Footer.swift */ = {isa = PBXFileReference; lastKnownFileType = sourcecode.swift; path = "Controller+Footer.swift"; sourceTree = "<group>"; };
		F13CA343286FD51E00527D1E /* Controller+BackButton.swift */ = {isa = PBXFileReference; lastKnownFileType = sourcecode.swift; path = "Controller+BackButton.swift"; sourceTree = "<group>"; };
		F13CA345286FE69000527D1E /* Controller+RegistButton.swift */ = {isa = PBXFileReference; lastKnownFileType = sourcecode.swift; path = "Controller+RegistButton.swift"; sourceTree = "<group>"; };
		F13CA347286FE70500527D1E /* Controller+nextOrRegistButton.swift */ = {isa = PBXFileReference; lastKnownFileType = sourcecode.swift; path = "Controller+nextOrRegistButton.swift"; sourceTree = "<group>"; };
		F13CA34B286FED2C00527D1E /* KeyPadButton.swift */ = {isa = PBXFileReference; lastKnownFileType = sourcecode.swift; path = KeyPadButton.swift; sourceTree = "<group>"; };
		F13CA34D286FED4500527D1E /* NumberPad.swift */ = {isa = PBXFileReference; lastKnownFileType = sourcecode.swift; path = NumberPad.swift; sourceTree = "<group>"; };
		F13CA34F286FF9F300527D1E /* Color+rgb.swift */ = {isa = PBXFileReference; lastKnownFileType = sourcecode.swift; path = "Color+rgb.swift"; sourceTree = "<group>"; };
		F13CA351286FFDE800527D1E /* Controller+Header.swift */ = {isa = PBXFileReference; lastKnownFileType = sourcecode.swift; path = "Controller+Header.swift"; sourceTree = "<group>"; };
		F13CA3552870904F00527D1E /* Controller+BottomMenu.swift */ = {isa = PBXFileReference; lastKnownFileType = sourcecode.swift; path = "Controller+BottomMenu.swift"; sourceTree = "<group>"; };
		F13CA3582871011C00527D1E /* README.md */ = {isa = PBXFileReference; lastKnownFileType = net.daringfireball.markdown; path = README.md; sourceTree = "<group>"; };
		F13CA3592871050200527D1E /* View+backgroundCircle.swift */ = {isa = PBXFileReference; lastKnownFileType = sourcecode.swift; path = "View+backgroundCircle.swift"; sourceTree = "<group>"; };
		F13CA35B2871057500527D1E /* View+setTransAnimation.swift */ = {isa = PBXFileReference; lastKnownFileType = sourcecode.swift; path = "View+setTransAnimation.swift"; sourceTree = "<group>"; };
		F13CA35D28710ED000527D1E /* FirstScreen+income.swift */ = {isa = PBXFileReference; lastKnownFileType = sourcecode.swift; path = "FirstScreen+income.swift"; sourceTree = "<group>"; };
		F13CA35F28710F1200527D1E /* FirstScreen+spending.swift */ = {isa = PBXFileReference; lastKnownFileType = sourcecode.swift; path = "FirstScreen+spending.swift"; sourceTree = "<group>"; };
		F13CA3622871125100527D1E /* README.md */ = {isa = PBXFileReference; fileEncoding = 4; lastKnownFileType = net.daringfireball.markdown; path = README.md; sourceTree = "<group>"; };
		F13CA3642871125100527D1E /* Roboto-Medium.ttf */ = {isa = PBXFileReference; lastKnownFileType = file; path = "Roboto-Medium.ttf"; sourceTree = "<group>"; };
		F13CA3652871125100527D1E /* Roboto-Light.ttf */ = {isa = PBXFileReference; lastKnownFileType = file; path = "Roboto-Light.ttf"; sourceTree = "<group>"; };
		F13CA3662871125100527D1E /* Roboto-Regular.ttf */ = {isa = PBXFileReference; lastKnownFileType = file; path = "Roboto-Regular.ttf"; sourceTree = "<group>"; };
		F13CA3672871125100527D1E /* LICENSE.txt */ = {isa = PBXFileReference; fileEncoding = 4; lastKnownFileType = text; path = LICENSE.txt; sourceTree = "<group>"; };
		F13CA3682871125100527D1E /* Roboto-Bold.ttf */ = {isa = PBXFileReference; lastKnownFileType = file; path = "Roboto-Bold.ttf"; sourceTree = "<group>"; };
		F13CA36A2871125100527D1E /* NotoSansJP-Medium.otf */ = {isa = PBXFileReference; lastKnownFileType = file; path = "NotoSansJP-Medium.otf"; sourceTree = "<group>"; };
		F13CA36B2871125100527D1E /* NotoSansJP-Bold.otf */ = {isa = PBXFileReference; lastKnownFileType = file; path = "NotoSansJP-Bold.otf"; sourceTree = "<group>"; };
		F13CA36C2871125100527D1E /* OFL.txt */ = {isa = PBXFileReference; fileEncoding = 4; lastKnownFileType = text; path = OFL.txt; sourceTree = "<group>"; };
		F13CA3762871133100527D1E /* Text+Font.swift */ = {isa = PBXFileReference; lastKnownFileType = sourcecode.swift; path = "Text+Font.swift"; sourceTree = "<group>"; };
		F13CA378287113FD00527D1E /* Info.plist */ = {isa = PBXFileReference; lastKnownFileType = text.plist; path = Info.plist; sourceTree = "<group>"; };
/* End PBXFileReference section */

/* Begin PBXFrameworksBuildPhase section */
		F13CA316286E769E00527D1E /* Frameworks */ = {
			isa = PBXFrameworksBuildPhase;
			buildActionMask = 2147483647;
			files = (
			);
			runOnlyForDeploymentPostprocessing = 0;
		};
/* End PBXFrameworksBuildPhase section */

/* Begin PBXGroup section */
		F13C7F3E287189CF00973687 /* Controller */ = {
			isa = PBXGroup;
			children = (
				F13CA3552870904F00527D1E /* Controller+BottomMenu.swift */,
				F13CA31E286E769E00527D1E /* Controller.swift */,
				F13CA351286FFDE800527D1E /* Controller+Header.swift */,
				F13CA337286FBBB500527D1E /* Controller+NextButton.swift */,
				F13CA343286FD51E00527D1E /* Controller+BackButton.swift */,
				F13CA345286FE69000527D1E /* Controller+RegistButton.swift */,
				F13CA33B286FBC3A00527D1E /* Controller+Navi.swift */,
				F13CA341286FC3E500527D1E /* Controller+Footer.swift */,
				F13CA347286FE70500527D1E /* Controller+nextOrRegistButton.swift */,
			);
			path = Controller;
			sourceTree = "<group>";
		};
		F13C7F3F287189ED00973687 /* FirstScreen */ = {
			isa = PBXGroup;
			children = (
				F13CA335286FBB6C00527D1E /* FirstScreen.swift */,
				F13CA33D286FBCFF00527D1E /* FirstScreen+Account.swift */,
				F13CA35D28710ED000527D1E /* FirstScreen+income.swift */,
				F13CA35F28710F1200527D1E /* FirstScreen+spending.swift */,
			);
			path = FirstScreen;
			sourceTree = "<group>";
		};
		F13C7F4028718A2200973687 /* SecondScreen */ = {
			isa = PBXGroup;
			children = (
				F13CA339286FBBEC00527D1E /* SecondScreen.swift */,
			);
			path = SecondScreen;
			sourceTree = "<group>";
		};
		F13C7F4128718A6100973687 /* ThirdScreen */ = {
			isa = PBXGroup;
			children = (
				F13CA333286FBB3D00527D1E /* ThirdScreen.swift */,
			);
			path = ThirdScreen;
			sourceTree = "<group>";
		};
		F13C7F4228718A8B00973687 /* Extensions */ = {
			isa = PBXGroup;
			children = (
				F13C7F3C2871868800973687 /* View+onButtonTap.swift */,
				F13CA34F286FF9F300527D1E /* Color+rgb.swift */,
			);
			path = Extensions;
			sourceTree = "<group>";
		};
		F13C7F4328718AA800973687 /* NumPad */ = {
			isa = PBXGroup;
			children = (
				F13CA34B286FED2C00527D1E /* KeyPadButton.swift */,
				F13CA34D286FED4500527D1E /* NumberPad.swift */,
			);
			path = NumPad;
			sourceTree = "<group>";
		};
		F13C7F4428718AE800973687 /* Screen */ = {
			isa = PBXGroup;
			children = (
				F13C7F532872591300973687 /* ListScreen */,
				F13C7F5028724BE300973687 /* SettingScreen */,
				F13C7F4928718C4400973687 /* Routing */,
				F13C7F3F287189ED00973687 /* FirstScreen */,
				F13C7F4128718A6100973687 /* ThirdScreen */,
				F13C7F4028718A2200973687 /* SecondScreen */,
			);
			path = Screen;
			sourceTree = "<group>";
		};
		F13C7F4528718B0D00973687 /* BottomMenu */ = {
			isa = PBXGroup;
			children = (
				F13C7F3A28717F6500973687 /* BottomMenuType.swift */,
			);
			path = BottomMenu;
			sourceTree = "<group>";
		};
		F13C7F4628718B4100973687 /* Components */ = {
			isa = PBXGroup;
			children = (
				F13C7F9C2875172700973687 /* Header */,
				F13C7F9728740C4000973687 /* BottomSheet */,
				F13C7F4328718AA800973687 /* NumPad */,
				F13C7F4728718B5A00973687 /* CircleButton */,
			);
			path = Components;
			sourceTree = "<group>";
		};
		F13C7F4728718B5A00973687 /* CircleButton */ = {
			isa = PBXGroup;
			children = (
				F13CA3592871050200527D1E /* View+backgroundCircle.swift */,
				F13CA33F286FBFFF00527D1E /* CircleButtonModifier.swift */,
			);
			path = CircleButton;
			sourceTree = "<group>";
		};
		F13C7F4828718BD900973687 /* ViewModels */ = {
			isa = PBXGroup;
			children = (
				F13C7F932873CA8400973687 /* ListScreen+ViewModel.swift */,
				F13C7F9D2875173E00973687 /* Controller+ViewModel.swift */,
			);
			path = ViewModels;
			sourceTree = "<group>";
		};
		F13C7F4928718C4400973687 /* Routing */ = {
			isa = PBXGroup;
			children = (
				F13CA35B2871057500527D1E /* View+setTransAnimation.swift */,
				F13CA32F286FBA1D00527D1E /* ScreenMovable.swift */,
				F13CA331286FBA4900527D1E /* SlideAnimation.swift */,
				F13CA32B286FB8E200527D1E /* Router.swift */,
				F13CA32D286FB9E700527D1E /* ScreenType.swift */,
			);
			path = Routing;
			sourceTree = "<group>";
		};
		F13C7F5028724BE300973687 /* SettingScreen */ = {
			isa = PBXGroup;
			children = (
				F13C7F5128724BF000973687 /* SettingScreen.swift */,
			);
			path = SettingScreen;
			sourceTree = "<group>";
		};
		F13C7F532872591300973687 /* ListScreen */ = {
			isa = PBXGroup;
			children = (
				F13C7F542872592000973687 /* ListScreen.swift */,
				F13C7F562872852F00973687 /* ListScreen+Sort.swift */,
			);
			path = ListScreen;
			sourceTree = "<group>";
		};
		F13C7F5C2872B53700973687 /* Network */ = {
			isa = PBXGroup;
			children = (
				F13C7F872872DB4700973687 /* Transactions */,
				F13C7F822872D52D00973687 /* Descriptions */,
				F13C7F812872D51D00973687 /* Suppliers */,
				F13C7F5D2872B58800973687 /* StatusCode.swift */,
				F13C7F5F2872B5B100973687 /* APIAgentProtocol.swift */,
				F13C7F612872B66600973687 /* Configuration.swift */,
				F13C7F632872B67E00973687 /* Mockable.swift */,
				F13C7F652872B69500973687 /* AgentFactory.swift */,
				F13C7F672872B6BF00973687 /* APIAgent.swift */,
				F13C7F692872B6EE00973687 /* APIError.swift */,
				F13C7F6B2872B70D00973687 /* URLRequest+Ext.swift */,
				F13C7F6D2872B73600973687 /* HTTPMethodEnum.swift */,
				F13C7F6F2872B75100973687 /* ResponseResultError.swift */,
				F13C7F712872B76F00973687 /* ApiEndPoint.swift */,
				F13C7F732872B78900973687 /* RequestParameter.swift */,
				F13C7F752872B7A900973687 /* Token.swift */,
				F13C7F772872B7D000973687 /* JsonEncodeSnakeCase.swift */,
				F13C7F792872B81400973687 /* EndPoint.swift */,
				F13C7F952873D14A00973687 /* Loadable.swift */,
			);
			path = Network;
			sourceTree = "<group>";
		};
		F13C7F812872D51D00973687 /* Suppliers */ = {
			isa = PBXGroup;
			children = (
				F13C7F7B2872B87B00973687 /* SuppliersAPI.swift */,
				F13C7F7F2872B8E100973687 /* Suppliers.swift */,
			);
			path = Suppliers;
			sourceTree = "<group>";
		};
		F13C7F822872D52D00973687 /* Descriptions */ = {
			isa = PBXGroup;
			children = (
				F13C7F832872D55A00973687 /* DescriptionsAPI.swift */,
				F13C7F852872D58600973687 /* Description.swift */,
			);
			path = Descriptions;
			sourceTree = "<group>";
		};
		F13C7F872872DB4700973687 /* Transactions */ = {
			isa = PBXGroup;
			children = (
				F13C7F882872DB5D00973687 /* TransactionsAPI.swift */,
				F13C7F8A2872DB8B00973687 /* Transaction.swift */,
			);
			path = Transactions;
			sourceTree = "<group>";
		};
		F13C7F8C2873A10A00973687 /* Injected */ = {
			isa = PBXGroup;
			children = (
				F13C7F8D2873A12300973687 /* AppState.swift */,
				F13C7F8F2873ADCD00973687 /* DIContainer.swift */,
				F13C7F912873AF0C00973687 /* AppEnvironment.swift */,
			);
			path = Injected;
			sourceTree = "<group>";
		};
		F13C7F9728740C4000973687 /* BottomSheet */ = {
			isa = PBXGroup;
			children = (
				F13C7F9828740C5000973687 /* BottomSheet.swift */,
			);
			path = BottomSheet;
			sourceTree = "<group>";
		};
		F13C7F9C2875172700973687 /* Header */ = {
			isa = PBXGroup;
			children = (
				F13C7F9A287514D200973687 /* Header.swift */,
			);
			path = Header;
			sourceTree = "<group>";
		};
		F13CA310286E769E00527D1E = {
			isa = PBXGroup;
			children = (
				F13CA3582871011C00527D1E /* README.md */,
				F13CA31B286E769E00527D1E /* TapSimpleButton */,
				F13CA31A286E769E00527D1E /* Products */,
			);
			sourceTree = "<group>";
		};
		F13CA31A286E769E00527D1E /* Products */ = {
			isa = PBXGroup;
			children = (
				F13CA319286E769E00527D1E /* TapSimpleButton.app */,
			);
			name = Products;
			sourceTree = "<group>";
		};
		F13CA31B286E769E00527D1E /* TapSimpleButton */ = {
			isa = PBXGroup;
			children = (
				F13C7F8C2873A10A00973687 /* Injected */,
				F13CA320286E769F00527D1E /* Assets.xcassets */,
				F13CA378287113FD00527D1E /* Info.plist */,
				F13C7F5C2872B53700973687 /* Network */,
				F13C7F4828718BD900973687 /* ViewModels */,
				F13CA3612871125100527D1E /* Fonts */,
				F13CA322286E769F00527D1E /* Preview Content */,
				F13C7F4228718A8B00973687 /* Extensions */,
				F13C7F4428718AE800973687 /* Screen */,
				F13C7F4528718B0D00973687 /* BottomMenu */,
				F13C7F4628718B4100973687 /* Components */,
				F13C7F3E287189CF00973687 /* Controller */,
			);
			path = TapSimpleButton;
			sourceTree = "<group>";
		};
		F13CA322286E769F00527D1E /* Preview Content */ = {
			isa = PBXGroup;
			children = (
				F13CA323286E769F00527D1E /* Preview Assets.xcassets */,
			);
			path = "Preview Content";
			sourceTree = "<group>";
		};
		F13CA3612871125100527D1E /* Fonts */ = {
			isa = PBXGroup;
			children = (
				F13CA31C286E769E00527D1E /* TapSimpleButtonApp.swift */,
				F13CA3622871125100527D1E /* README.md */,
				F13CA3632871125100527D1E /* Roboto */,
				F13CA3692871125100527D1E /* Noto_Sans_JP */,
				F13CA3762871133100527D1E /* Text+Font.swift */,
			);
			path = Fonts;
			sourceTree = "<group>";
		};
		F13CA3632871125100527D1E /* Roboto */ = {
			isa = PBXGroup;
			children = (
				F13CA3642871125100527D1E /* Roboto-Medium.ttf */,
				F13CA3652871125100527D1E /* Roboto-Light.ttf */,
				F13CA3662871125100527D1E /* Roboto-Regular.ttf */,
				F13CA3672871125100527D1E /* LICENSE.txt */,
				F13CA3682871125100527D1E /* Roboto-Bold.ttf */,
			);
			path = Roboto;
			sourceTree = "<group>";
		};
		F13CA3692871125100527D1E /* Noto_Sans_JP */ = {
			isa = PBXGroup;
			children = (
				F13CA36A2871125100527D1E /* NotoSansJP-Medium.otf */,
				F13CA36B2871125100527D1E /* NotoSansJP-Bold.otf */,
				F13CA36C2871125100527D1E /* OFL.txt */,
			);
			path = Noto_Sans_JP;
			sourceTree = "<group>";
		};
/* End PBXGroup section */

/* Begin PBXNativeTarget section */
		F13CA318286E769E00527D1E /* TapSimpleButton */ = {
			isa = PBXNativeTarget;
			buildConfigurationList = F13CA327286E769F00527D1E /* Build configuration list for PBXNativeTarget "TapSimpleButton" */;
			buildPhases = (
				F13CA315286E769E00527D1E /* Sources */,
				F13CA316286E769E00527D1E /* Frameworks */,
				F13CA317286E769E00527D1E /* Resources */,
			);
			buildRules = (
			);
			dependencies = (
			);
			name = TapSimpleButton;
			productName = TapSimpleButton;
			productReference = F13CA319286E769E00527D1E /* TapSimpleButton.app */;
			productType = "com.apple.product-type.application";
		};
/* End PBXNativeTarget section */

/* Begin PBXProject section */
		F13CA311286E769E00527D1E /* Project object */ = {
			isa = PBXProject;
			attributes = {
				BuildIndependentTargetsInParallel = 1;
				LastSwiftUpdateCheck = 1330;
				LastUpgradeCheck = 1330;
				TargetAttributes = {
					F13CA318286E769E00527D1E = {
						CreatedOnToolsVersion = 13.3.1;
					};
				};
			};
			buildConfigurationList = F13CA314286E769E00527D1E /* Build configuration list for PBXProject "TapSimpleButton" */;
			compatibilityVersion = "Xcode 13.0";
			developmentRegion = en;
			hasScannedForEncodings = 0;
			knownRegions = (
				en,
				Base,
			);
			mainGroup = F13CA310286E769E00527D1E;
			productRefGroup = F13CA31A286E769E00527D1E /* Products */;
			projectDirPath = "";
			projectRoot = "";
			targets = (
				F13CA318286E769E00527D1E /* TapSimpleButton */,
			);
		};
/* End PBXProject section */

/* Begin PBXResourcesBuildPhase section */
		F13CA317286E769E00527D1E /* Resources */ = {
			isa = PBXResourcesBuildPhase;
			buildActionMask = 2147483647;
			files = (
				F13CA3702871125100527D1E /* Roboto-Regular.ttf in Resources */,
				F13CA3752871125100527D1E /* OFL.txt in Resources */,
				F13CA36E2871125100527D1E /* Roboto-Medium.ttf in Resources */,
				F13CA36D2871125100527D1E /* README.md in Resources */,
				F13CA36F2871125100527D1E /* Roboto-Light.ttf in Resources */,
				F13CA324286E769F00527D1E /* Preview Assets.xcassets in Resources */,
				F13CA321286E769F00527D1E /* Assets.xcassets in Resources */,
				F13CA3732871125100527D1E /* NotoSansJP-Medium.otf in Resources */,
				F13CA3742871125100527D1E /* NotoSansJP-Bold.otf in Resources */,
				F13CA3722871125100527D1E /* Roboto-Bold.ttf in Resources */,
				F13CA3712871125100527D1E /* LICENSE.txt in Resources */,
			);
			runOnlyForDeploymentPostprocessing = 0;
		};
/* End PBXResourcesBuildPhase section */

/* Begin PBXSourcesBuildPhase section */
		F13CA315286E769E00527D1E /* Sources */ = {
			isa = PBXSourcesBuildPhase;
			buildActionMask = 2147483647;
			files = (
				F13C7F802872B8E100973687 /* Suppliers.swift in Sources */,
				F13CA33E286FBCFF00527D1E /* FirstScreen+Account.swift in Sources */,
				F13CA34C286FED2C00527D1E /* KeyPadButton.swift in Sources */,
				F13C7F5E2872B58800973687 /* StatusCode.swift in Sources */,
				F13CA346286FE69000527D1E /* Controller+RegistButton.swift in Sources */,
				F13C7F922873AF0C00973687 /* AppEnvironment.swift in Sources */,
				F13CA332286FBA4A00527D1E /* SlideAnimation.swift in Sources */,
				F13C7F8E2873A12300973687 /* AppState.swift in Sources */,
				F13C7F862872D58600973687 /* Description.swift in Sources */,
				F13CA348286FE70500527D1E /* Controller+nextOrRegistButton.swift in Sources */,
				F13CA36028710F1200527D1E /* FirstScreen+spending.swift in Sources */,
				F13C7F642872B67E00973687 /* Mockable.swift in Sources */,
				F13C7F9B287514D200973687 /* Header.swift in Sources */,
				F13CA334286FBB3E00527D1E /* ThirdScreen.swift in Sources */,
				F13C7F552872592000973687 /* ListScreen.swift in Sources */,
				F13CA3562870904F00527D1E /* Controller+BottomMenu.swift in Sources */,
				F13CA31F286E769E00527D1E /* Controller.swift in Sources */,
				F13C7F7A2872B81400973687 /* EndPoint.swift in Sources */,
				F13C7F9E2875173E00973687 /* Controller+ViewModel.swift in Sources */,
				F13CA32C286FB8E200527D1E /* Router.swift in Sources */,
				F13CA35E28710ED000527D1E /* FirstScreen+income.swift in Sources */,
				F13C7F6C2872B70D00973687 /* URLRequest+Ext.swift in Sources */,
				F13C7F892872DB5D00973687 /* TransactionsAPI.swift in Sources */,
				F13C7F962873D14A00973687 /* Loadable.swift in Sources */,
				F13CA336286FBB6C00527D1E /* FirstScreen.swift in Sources */,
				F13C7F5228724BF000973687 /* SettingScreen.swift in Sources */,
				F13CA330286FBA1D00527D1E /* ScreenMovable.swift in Sources */,
				F13CA342286FC3E500527D1E /* Controller+Footer.swift in Sources */,
				F13C7F682872B6BF00973687 /* APIAgent.swift in Sources */,
				F13C7F3D2871868800973687 /* View+onButtonTap.swift in Sources */,
				F13CA33C286FBC3A00527D1E /* Controller+Navi.swift in Sources */,
				F13C7F742872B78900973687 /* RequestParameter.swift in Sources */,
				F13CA31D286E769E00527D1E /* TapSimpleButtonApp.swift in Sources */,
				F13C7F602872B5B100973687 /* APIAgentProtocol.swift in Sources */,
				F13C7F622872B66600973687 /* Configuration.swift in Sources */,
				F13CA35A2871050200527D1E /* View+backgroundCircle.swift in Sources */,
				F13CA338286FBBB500527D1E /* Controller+NextButton.swift in Sources */,
				F13C7F942873CA8400973687 /* ListScreen+ViewModel.swift in Sources */,
				F13C7F842872D55A00973687 /* DescriptionsAPI.swift in Sources */,
				F13CA344286FD51E00527D1E /* Controller+BackButton.swift in Sources */,
				F13C7F7C2872B87B00973687 /* SuppliersAPI.swift in Sources */,
				F13C7F662872B69500973687 /* AgentFactory.swift in Sources */,
				F13CA352286FFDE800527D1E /* Controller+Header.swift in Sources */,
				F13CA3772871133100527D1E /* Text+Font.swift in Sources */,
				F13CA350286FF9F300527D1E /* Color+rgb.swift in Sources */,
				F13C7F8B2872DB8B00973687 /* Transaction.swift in Sources */,
				F13C7F702872B75100973687 /* ResponseResultError.swift in Sources */,
				F13C7F9928740C5000973687 /* BottomSheet.swift in Sources */,
				F13CA32E286FB9E700527D1E /* ScreenType.swift in Sources */,
				F13C7F3B28717F6500973687 /* BottomMenuType.swift in Sources */,
				F13C7F762872B7A900973687 /* Token.swift in Sources */,
				F13C7F572872852F00973687 /* ListScreen+Sort.swift in Sources */,
				F13CA34E286FED4500527D1E /* NumberPad.swift in Sources */,
				F13C7F902873ADCD00973687 /* DIContainer.swift in Sources */,
				F13CA35C2871057500527D1E /* View+setTransAnimation.swift in Sources */,
				F13C7F722872B76F00973687 /* ApiEndPoint.swift in Sources */,
				F13CA33A286FBBEC00527D1E /* SecondScreen.swift in Sources */,
				F13C7F6E2872B73600973687 /* HTTPMethodEnum.swift in Sources */,
				F13CA340286FBFFF00527D1E /* CircleButtonModifier.swift in Sources */,
				F13C7F6A2872B6EE00973687 /* APIError.swift in Sources */,
				F13C7F782872B7D000973687 /* JsonEncodeSnakeCase.swift in Sources */,
			);
			runOnlyForDeploymentPostprocessing = 0;
		};
/* End PBXSourcesBuildPhase section */

/* Begin XCBuildConfiguration section */
		F13CA325286E769F00527D1E /* Debug */ = {
			isa = XCBuildConfiguration;
			buildSettings = {
				ALWAYS_SEARCH_USER_PATHS = NO;
				CLANG_ANALYZER_NONNULL = YES;
				CLANG_ANALYZER_NUMBER_OBJECT_CONVERSION = YES_AGGRESSIVE;
				CLANG_CXX_LANGUAGE_STANDARD = "gnu++17";
				CLANG_ENABLE_MODULES = YES;
				CLANG_ENABLE_OBJC_ARC = YES;
				CLANG_ENABLE_OBJC_WEAK = YES;
				CLANG_WARN_BLOCK_CAPTURE_AUTORELEASING = YES;
				CLANG_WARN_BOOL_CONVERSION = YES;
				CLANG_WARN_COMMA = YES;
				CLANG_WARN_CONSTANT_CONVERSION = YES;
				CLANG_WARN_DEPRECATED_OBJC_IMPLEMENTATIONS = YES;
				CLANG_WARN_DIRECT_OBJC_ISA_USAGE = YES_ERROR;
				CLANG_WARN_DOCUMENTATION_COMMENTS = YES;
				CLANG_WARN_EMPTY_BODY = YES;
				CLANG_WARN_ENUM_CONVERSION = YES;
				CLANG_WARN_INFINITE_RECURSION = YES;
				CLANG_WARN_INT_CONVERSION = YES;
				CLANG_WARN_NON_LITERAL_NULL_CONVERSION = YES;
				CLANG_WARN_OBJC_IMPLICIT_RETAIN_SELF = YES;
				CLANG_WARN_OBJC_LITERAL_CONVERSION = YES;
				CLANG_WARN_OBJC_ROOT_CLASS = YES_ERROR;
				CLANG_WARN_QUOTED_INCLUDE_IN_FRAMEWORK_HEADER = YES;
				CLANG_WARN_RANGE_LOOP_ANALYSIS = YES;
				CLANG_WARN_STRICT_PROTOTYPES = YES;
				CLANG_WARN_SUSPICIOUS_MOVE = YES;
				CLANG_WARN_UNGUARDED_AVAILABILITY = YES_AGGRESSIVE;
				CLANG_WARN_UNREACHABLE_CODE = YES;
				CLANG_WARN__DUPLICATE_METHOD_MATCH = YES;
				COPY_PHASE_STRIP = NO;
				DEBUG_INFORMATION_FORMAT = dwarf;
				ENABLE_STRICT_OBJC_MSGSEND = YES;
				ENABLE_TESTABILITY = YES;
				GCC_C_LANGUAGE_STANDARD = gnu11;
				GCC_DYNAMIC_NO_PIC = NO;
				GCC_NO_COMMON_BLOCKS = YES;
				GCC_OPTIMIZATION_LEVEL = 0;
				GCC_PREPROCESSOR_DEFINITIONS = (
					"DEBUG=1",
					"$(inherited)",
				);
				GCC_WARN_64_TO_32_BIT_CONVERSION = YES;
				GCC_WARN_ABOUT_RETURN_TYPE = YES_ERROR;
				GCC_WARN_UNDECLARED_SELECTOR = YES;
				GCC_WARN_UNINITIALIZED_AUTOS = YES_AGGRESSIVE;
				GCC_WARN_UNUSED_FUNCTION = YES;
				GCC_WARN_UNUSED_VARIABLE = YES;
				IPHONEOS_DEPLOYMENT_TARGET = 15.2;
				MTL_ENABLE_DEBUG_INFO = INCLUDE_SOURCE;
				MTL_FAST_MATH = YES;
				ONLY_ACTIVE_ARCH = YES;
				SDKROOT = iphoneos;
				SWIFT_ACTIVE_COMPILATION_CONDITIONS = DEBUG;
				SWIFT_OPTIMIZATION_LEVEL = "-Onone";
			};
			name = Debug;
		};
		F13CA326286E769F00527D1E /* Release */ = {
			isa = XCBuildConfiguration;
			buildSettings = {
				ALWAYS_SEARCH_USER_PATHS = NO;
				CLANG_ANALYZER_NONNULL = YES;
				CLANG_ANALYZER_NUMBER_OBJECT_CONVERSION = YES_AGGRESSIVE;
				CLANG_CXX_LANGUAGE_STANDARD = "gnu++17";
				CLANG_ENABLE_MODULES = YES;
				CLANG_ENABLE_OBJC_ARC = YES;
				CLANG_ENABLE_OBJC_WEAK = YES;
				CLANG_WARN_BLOCK_CAPTURE_AUTORELEASING = YES;
				CLANG_WARN_BOOL_CONVERSION = YES;
				CLANG_WARN_COMMA = YES;
				CLANG_WARN_CONSTANT_CONVERSION = YES;
				CLANG_WARN_DEPRECATED_OBJC_IMPLEMENTATIONS = YES;
				CLANG_WARN_DIRECT_OBJC_ISA_USAGE = YES_ERROR;
				CLANG_WARN_DOCUMENTATION_COMMENTS = YES;
				CLANG_WARN_EMPTY_BODY = YES;
				CLANG_WARN_ENUM_CONVERSION = YES;
				CLANG_WARN_INFINITE_RECURSION = YES;
				CLANG_WARN_INT_CONVERSION = YES;
				CLANG_WARN_NON_LITERAL_NULL_CONVERSION = YES;
				CLANG_WARN_OBJC_IMPLICIT_RETAIN_SELF = YES;
				CLANG_WARN_OBJC_LITERAL_CONVERSION = YES;
				CLANG_WARN_OBJC_ROOT_CLASS = YES_ERROR;
				CLANG_WARN_QUOTED_INCLUDE_IN_FRAMEWORK_HEADER = YES;
				CLANG_WARN_RANGE_LOOP_ANALYSIS = YES;
				CLANG_WARN_STRICT_PROTOTYPES = YES;
				CLANG_WARN_SUSPICIOUS_MOVE = YES;
				CLANG_WARN_UNGUARDED_AVAILABILITY = YES_AGGRESSIVE;
				CLANG_WARN_UNREACHABLE_CODE = YES;
				CLANG_WARN__DUPLICATE_METHOD_MATCH = YES;
				COPY_PHASE_STRIP = NO;
				DEBUG_INFORMATION_FORMAT = "dwarf-with-dsym";
				ENABLE_NS_ASSERTIONS = NO;
				ENABLE_STRICT_OBJC_MSGSEND = YES;
				GCC_C_LANGUAGE_STANDARD = gnu11;
				GCC_NO_COMMON_BLOCKS = YES;
				GCC_WARN_64_TO_32_BIT_CONVERSION = YES;
				GCC_WARN_ABOUT_RETURN_TYPE = YES_ERROR;
				GCC_WARN_UNDECLARED_SELECTOR = YES;
				GCC_WARN_UNINITIALIZED_AUTOS = YES_AGGRESSIVE;
				GCC_WARN_UNUSED_FUNCTION = YES;
				GCC_WARN_UNUSED_VARIABLE = YES;
				IPHONEOS_DEPLOYMENT_TARGET = 15.2;
				MTL_ENABLE_DEBUG_INFO = NO;
				MTL_FAST_MATH = YES;
				SDKROOT = iphoneos;
				SWIFT_COMPILATION_MODE = wholemodule;
				SWIFT_OPTIMIZATION_LEVEL = "-O";
				VALIDATE_PRODUCT = YES;
			};
			name = Release;
		};
		F13CA328286E769F00527D1E /* Debug */ = {
			isa = XCBuildConfiguration;
			buildSettings = {
				ASSETCATALOG_COMPILER_APPICON_NAME = AppIcon;
				ASSETCATALOG_COMPILER_GLOBAL_ACCENT_COLOR_NAME = AccentColor;
				CODE_SIGN_IDENTITY = "Apple Development";
				CODE_SIGN_STYLE = Automatic;
				CURRENT_PROJECT_VERSION = 1;
				DEVELOPMENT_ASSET_PATHS = "\"TapSimpleButton/Preview Content\"";
				DEVELOPMENT_TEAM = CNWDNX3S69;
				ENABLE_PREVIEWS = YES;
				GENERATE_INFOPLIST_FILE = YES;
				INFOPLIST_FILE = TapSimpleButton/Info.plist;
				INFOPLIST_KEY_UIApplicationSceneManifest_Generation = YES;
				INFOPLIST_KEY_UIApplicationSupportsIndirectInputEvents = YES;
				INFOPLIST_KEY_UILaunchScreen_Generation = YES;
				INFOPLIST_KEY_UISupportedInterfaceOrientations_iPad = "UIInterfaceOrientationPortrait UIInterfaceOrientationPortraitUpsideDown UIInterfaceOrientationLandscapeLeft UIInterfaceOrientationLandscapeRight";
				INFOPLIST_KEY_UISupportedInterfaceOrientations_iPhone = "UIInterfaceOrientationPortrait UIInterfaceOrientationLandscapeLeft UIInterfaceOrientationLandscapeRight";
				INFOPLIST_KEY_UIUserInterfaceStyle = Light;
				LD_RUNPATH_SEARCH_PATHS = (
					"$(inherited)",
					"@executable_path/Frameworks",
				);
				MARKETING_VERSION = 1.0;
				PRODUCT_BUNDLE_IDENTIFIER = com.yusuke.arai.TapSimpleButton;
				PRODUCT_NAME = "$(TARGET_NAME)";
				PROVISIONING_PROFILE_SPECIFIER = "";
				SWIFT_EMIT_LOC_STRINGS = YES;
				SWIFT_VERSION = 5.0;
				TARGETED_DEVICE_FAMILY = "1,2";
			};
			name = Debug;
		};
		F13CA329286E769F00527D1E /* Release */ = {
			isa = XCBuildConfiguration;
			buildSettings = {
				ASSETCATALOG_COMPILER_APPICON_NAME = AppIcon;
				ASSETCATALOG_COMPILER_GLOBAL_ACCENT_COLOR_NAME = AccentColor;
				CODE_SIGN_IDENTITY = "Apple Development";
				CODE_SIGN_STYLE = Automatic;
				CURRENT_PROJECT_VERSION = 1;
				DEVELOPMENT_ASSET_PATHS = "\"TapSimpleButton/Preview Content\"";
				DEVELOPMENT_TEAM = CNWDNX3S69;
				ENABLE_PREVIEWS = YES;
				GENERATE_INFOPLIST_FILE = YES;
				INFOPLIST_FILE = TapSimpleButton/Info.plist;
				INFOPLIST_KEY_UIApplicationSceneManifest_Generation = YES;
				INFOPLIST_KEY_UIApplicationSupportsIndirectInputEvents = YES;
				INFOPLIST_KEY_UILaunchScreen_Generation = YES;
				INFOPLIST_KEY_UISupportedInterfaceOrientations_iPad = "UIInterfaceOrientationPortrait UIInterfaceOrientationPortraitUpsideDown UIInterfaceOrientationLandscapeLeft UIInterfaceOrientationLandscapeRight";
				INFOPLIST_KEY_UISupportedInterfaceOrientations_iPhone = "UIInterfaceOrientationPortrait UIInterfaceOrientationLandscapeLeft UIInterfaceOrientationLandscapeRight";
				INFOPLIST_KEY_UIUserInterfaceStyle = Light;
				LD_RUNPATH_SEARCH_PATHS = (
					"$(inherited)",
					"@executable_path/Frameworks",
				);
				MARKETING_VERSION = 1.0;
				PRODUCT_BUNDLE_IDENTIFIER = com.yusuke.arai.TapSimpleButton;
				PRODUCT_NAME = "$(TARGET_NAME)";
				PROVISIONING_PROFILE_SPECIFIER = "";
				SWIFT_EMIT_LOC_STRINGS = YES;
				SWIFT_VERSION = 5.0;
				TARGETED_DEVICE_FAMILY = "1,2";
			};
			name = Release;
		};
/* End XCBuildConfiguration section */

/* Begin XCConfigurationList section */
		F13CA314286E769E00527D1E /* Build configuration list for PBXProject "TapSimpleButton" */ = {
			isa = XCConfigurationList;
			buildConfigurations = (
				F13CA325286E769F00527D1E /* Debug */,
				F13CA326286E769F00527D1E /* Release */,
			);
			defaultConfigurationIsVisible = 0;
			defaultConfigurationName = Release;
		};
		F13CA327286E769F00527D1E /* Build configuration list for PBXNativeTarget "TapSimpleButton" */ = {
			isa = XCConfigurationList;
			buildConfigurations = (
				F13CA328286E769F00527D1E /* Debug */,
				F13CA329286E769F00527D1E /* Release */,
			);
			defaultConfigurationIsVisible = 0;
			defaultConfigurationName = Release;
		};
/* End XCConfigurationList section */
	};
	rootObject = F13CA311286E769E00527D1E /* Project object */;
}
